// !$*UTF8*$!
{
	archiveVersion = 1;
	classes = {
	};
	objectVersion = 46;
	objects = {

/* Begin PBXBuildFile section */
		2414FA0A1CC4E7AF003DA0B7 /* main.m in Sources */ = {isa = PBXBuildFile; fileRef = 2414FA091CC4E7AF003DA0B7 /* main.m */; };
		2414FA0D1CC4E7AF003DA0B7 /* AppDelegate.m in Sources */ = {isa = PBXBuildFile; fileRef = 2414FA0C1CC4E7AF003DA0B7 /* AppDelegate.m */; };
		2414FA101CC4E7AF003DA0B7 /* ViewController.m in Sources */ = {isa = PBXBuildFile; fileRef = 2414FA0F1CC4E7AF003DA0B7 /* ViewController.m */; };
		2414FA151CC4E7AF003DA0B7 /* Assets.xcassets in Resources */ = {isa = PBXBuildFile; fileRef = 2414FA141CC4E7AF003DA0B7 /* Assets.xcassets */; };
		2414FA181CC4E7AF003DA0B7 /* LaunchScreen.storyboard in Resources */ = {isa = PBXBuildFile; fileRef = 2414FA161CC4E7AF003DA0B7 /* LaunchScreen.storyboard */; };
		2414FA431CC52727003DA0B7 /* BaseApi.m in Sources */ = {isa = PBXBuildFile; fileRef = 2414FA221CC52727003DA0B7 /* BaseApi.m */; };
		2414FA481CC52727003DA0B7 /* NSArray+TYAFNetworking.m in Sources */ = {isa = PBXBuildFile; fileRef = 2414FA2E1CC52727003DA0B7 /* NSArray+TYAFNetworking.m */; };
		2414FA491CC52727003DA0B7 /* NSDictionary+TYAFNetworking.m in Sources */ = {isa = PBXBuildFile; fileRef = 2414FA301CC52727003DA0B7 /* NSDictionary+TYAFNetworking.m */; };
		2414FA4A1CC52727003DA0B7 /* NSURLRequest+TYAFNetworking.m in Sources */ = {isa = PBXBuildFile; fileRef = 2414FA321CC52727003DA0B7 /* NSURLRequest+TYAFNetworking.m */; };
		2414FA4B1CC52727003DA0B7 /* DSAPIProxy.m in Sources */ = {isa = PBXBuildFile; fileRef = 2414FA351CC52727003DA0B7 /* DSAPIProxy.m */; };
		2414FA4C1CC52727003DA0B7 /* DSRequestCenter.m in Sources */ = {isa = PBXBuildFile; fileRef = 2414FA371CC52727003DA0B7 /* DSRequestCenter.m */; };
		2414FA4D1CC52727003DA0B7 /* DSRequestGenerator.m in Sources */ = {isa = PBXBuildFile; fileRef = 2414FA391CC52727003DA0B7 /* DSRequestGenerator.m */; };
		2414FA4E1CC52727003DA0B7 /* DSSignatureGenerator.m in Sources */ = {isa = PBXBuildFile; fileRef = 2414FA3B1CC52727003DA0B7 /* DSSignatureGenerator.m */; };
		2414FA4F1CC52727003DA0B7 /* DSURLResponse.m in Sources */ = {isa = PBXBuildFile; fileRef = 2414FA3D1CC52727003DA0B7 /* DSURLResponse.m */; };
		2414FA501CC52727003DA0B7 /* BaseResponseModel.m in Sources */ = {isa = PBXBuildFile; fileRef = 2414FA401CC52727003DA0B7 /* BaseResponseModel.m */; };
		2414FA661CC52758003DA0B7 /* CaculateUtils.m in Sources */ = {isa = PBXBuildFile; fileRef = 2414FA561CC52758003DA0B7 /* CaculateUtils.m */; };
		2414FA671CC52758003DA0B7 /* DeviceModel.m in Sources */ = {isa = PBXBuildFile; fileRef = 2414FA581CC52758003DA0B7 /* DeviceModel.m */; };
		2414FA681CC52758003DA0B7 /* FilePathManager.m in Sources */ = {isa = PBXBuildFile; fileRef = 2414FA5A1CC52758003DA0B7 /* FilePathManager.m */; };
		2414FA691CC52758003DA0B7 /* FunctionMethodsUtil.m in Sources */ = {isa = PBXBuildFile; fileRef = 2414FA5C1CC52758003DA0B7 /* FunctionMethodsUtil.m */; };
		2414FA6A1CC52758003DA0B7 /* ImageUtils.m in Sources */ = {isa = PBXBuildFile; fileRef = 2414FA5E1CC52758003DA0B7 /* ImageUtils.m */; };
		2414FA6B1CC52758003DA0B7 /* NetworkUtils.m in Sources */ = {isa = PBXBuildFile; fileRef = 2414FA601CC52758003DA0B7 /* NetworkUtils.m */; };
		2414FA6C1CC52758003DA0B7 /* RegulationMatchUtil.m in Sources */ = {isa = PBXBuildFile; fileRef = 2414FA621CC52758003DA0B7 /* RegulationMatchUtil.m */; };
		2414FA6D1CC52758003DA0B7 /* UserDefaultCashe.m in Sources */ = {isa = PBXBuildFile; fileRef = 2414FA641CC52758003DA0B7 /* UserDefaultCashe.m */; };
		2414FA771CC527A1003DA0B7 /* AgentInfoModel.m in Sources */ = {isa = PBXBuildFile; fileRef = 2414FA701CC527A1003DA0B7 /* AgentInfoModel.m */; };
		2414FA781CC527A1003DA0B7 /* DSBaseModel.m in Sources */ = {isa = PBXBuildFile; fileRef = 2414FA721CC527A1003DA0B7 /* DSBaseModel.m */; };
		2414FA791CC527A1003DA0B7 /* UserBaseInfoModel.m in Sources */ = {isa = PBXBuildFile; fileRef = 2414FA741CC527A1003DA0B7 /* UserBaseInfoModel.m */; };
		2414FA7A1CC527A1003DA0B7 /* UserCacheBean.m in Sources */ = {isa = PBXBuildFile; fileRef = 2414FA761CC527A1003DA0B7 /* UserCacheBean.m */; };
		2414FA991CC527CB003DA0B7 /* NSObject+AddKeyValueToObject.m in Sources */ = {isa = PBXBuildFile; fileRef = 2414FA7D1CC527CB003DA0B7 /* NSObject+AddKeyValueToObject.m */; };
		2414FA9A1CC527CB003DA0B7 /* NSString+Hash.m in Sources */ = {isa = PBXBuildFile; fileRef = 2414FA7F1CC527CB003DA0B7 /* NSString+Hash.m */; };
		2414FA9B1CC527CB003DA0B7 /* NSString+MD5Addition.m in Sources */ = {isa = PBXBuildFile; fileRef = 2414FA811CC527CB003DA0B7 /* NSString+MD5Addition.m */; settings = {COMPILER_FLAGS = "-fno-objc-arc"; }; };
		2414FA9C1CC527CB003DA0B7 /* NSString+RTStyle.m in Sources */ = {isa = PBXBuildFile; fileRef = 2414FA831CC527CB003DA0B7 /* NSString+RTStyle.m */; };
		2414FA9D1CC527CB003DA0B7 /* UDIDWrapper.m in Sources */ = {isa = PBXBuildFile; fileRef = 2414FA851CC527CB003DA0B7 /* UDIDWrapper.m */; settings = {COMPILER_FLAGS = "-fno-objc-arc"; }; };
		2414FA9E1CC527CB003DA0B7 /* UIDevice+IdentifierAddition.m in Sources */ = {isa = PBXBuildFile; fileRef = 2414FA871CC527CB003DA0B7 /* UIDevice+IdentifierAddition.m */; settings = {COMPILER_FLAGS = "-fno-objc-arc"; }; };
		2414FA9F1CC527CB003DA0B7 /* UIImage+Alpha.m in Sources */ = {isa = PBXBuildFile; fileRef = 2414FA8A1CC527CB003DA0B7 /* UIImage+Alpha.m */; };
		2414FAA01CC527CB003DA0B7 /* UIImage+Resize.m in Sources */ = {isa = PBXBuildFile; fileRef = 2414FA8C1CC527CB003DA0B7 /* UIImage+Resize.m */; };
		2414FAA11CC527CB003DA0B7 /* UIImage+RoundedCorner.m in Sources */ = {isa = PBXBuildFile; fileRef = 2414FA8E1CC527CB003DA0B7 /* UIImage+RoundedCorner.m */; };
		2414FAA21CC527CB003DA0B7 /* UIImage+RTStyle.m in Sources */ = {isa = PBXBuildFile; fileRef = 2414FA901CC527CB003DA0B7 /* UIImage+RTStyle.m */; };
		2414FAA31CC527CB003DA0B7 /* UILabel+HightLight.m in Sources */ = {isa = PBXBuildFile; fileRef = 2414FA921CC527CB003DA0B7 /* UILabel+HightLight.m */; };
		2414FAA41CC527CB003DA0B7 /* UIScrollView+UnderLine.m in Sources */ = {isa = PBXBuildFile; fileRef = 2414FA941CC527CB003DA0B7 /* UIScrollView+UnderLine.m */; };
		2414FAA51CC527CB003DA0B7 /* UIView+CTExtensions.m in Sources */ = {isa = PBXBuildFile; fileRef = 2414FA961CC527CB003DA0B7 /* UIView+CTExtensions.m */; };
		2414FAA61CC527CB003DA0B7 /* UIViewController+Loading.m in Sources */ = {isa = PBXBuildFile; fileRef = 2414FA981CC527CB003DA0B7 /* UIViewController+Loading.m */; };
		2414FABE1CC5D0BF003DA0B7 /* BYTabBarController.m in Sources */ = {isa = PBXBuildFile; fileRef = 2414FABB1CC5D0BF003DA0B7 /* BYTabBarController.m */; };
		2414FABF1CC5D0BF003DA0B7 /* BaseViewController.m in Sources */ = {isa = PBXBuildFile; fileRef = 2414FABD1CC5D0BF003DA0B7 /* BaseViewController.m */; };
		2414FAC71CC5D8CA003DA0B7 /* HomeViewController.m in Sources */ = {isa = PBXBuildFile; fileRef = 2414FAC61CC5D8CA003DA0B7 /* HomeViewController.m */; };
		2414FACA1CC5D8E8003DA0B7 /* UserCenterViewController.m in Sources */ = {isa = PBXBuildFile; fileRef = 2414FAC91CC5D8E8003DA0B7 /* UserCenterViewController.m */; };
		2414FAD01CC5D91E003DA0B7 /* HistoryListViewController.m in Sources */ = {isa = PBXBuildFile; fileRef = 2414FACF1CC5D91E003DA0B7 /* HistoryListViewController.m */; };
		2414FAD31CC5D93F003DA0B7 /* AllGoodsListViewController.m in Sources */ = {isa = PBXBuildFile; fileRef = 2414FAD21CC5D93F003DA0B7 /* AllGoodsListViewController.m */; };
		2414FAD71CC5D9D5003DA0B7 /* BYTabBarItem.m in Sources */ = {isa = PBXBuildFile; fileRef = 2414FAD61CC5D9D5003DA0B7 /* BYTabBarItem.m */; };
		2414FADA1CC5DBA4003DA0B7 /* BaseViewCell.m in Sources */ = {isa = PBXBuildFile; fileRef = 2414FAD91CC5DBA4003DA0B7 /* BaseViewCell.m */; };
		2414FADE1CC5DEF6003DA0B7 /* JXBAdPageView.m in Sources */ = {isa = PBXBuildFile; fileRef = 2414FADD1CC5DEF6003DA0B7 /* JXBAdPageView.m */; };
		2414FAE31CC60945003DA0B7 /* HomeFirstViewCell.m in Sources */ = {isa = PBXBuildFile; fileRef = 2414FAE21CC60945003DA0B7 /* HomeFirstViewCell.m */; };
		2414FAE61CC60958003DA0B7 /* HomeSecondViewCell.m in Sources */ = {isa = PBXBuildFile; fileRef = 2414FAE51CC60958003DA0B7 /* HomeSecondViewCell.m */; };
		2414FAE91CC60968003DA0B7 /* HomeThirdViewCell.m in Sources */ = {isa = PBXBuildFile; fileRef = 2414FAE81CC60968003DA0B7 /* HomeThirdViewCell.m */; };
		2414FAEC1CC60BCE003DA0B7 /* FoundsCardCell.m in Sources */ = {isa = PBXBuildFile; fileRef = 2414FAEB1CC60BCE003DA0B7 /* FoundsCardCell.m */; };
		2414FAEF1CC628D6003DA0B7 /* FoundsProgressCardCell.m in Sources */ = {isa = PBXBuildFile; fileRef = 2414FAEE1CC628D6003DA0B7 /* FoundsProgressCardCell.m */; };
		2414FAF21CC6316F003DA0B7 /* FoundsTypeCell.m in Sources */ = {isa = PBXBuildFile; fileRef = 2414FAF11CC6316F003DA0B7 /* FoundsTypeCell.m */; };
		2414FAF61CC665D0003DA0B7 /* FoundsDetailViewController.m in Sources */ = {isa = PBXBuildFile; fileRef = 2414FAF51CC665D0003DA0B7 /* FoundsDetailViewController.m */; };
		2414FAFA1CC66658003DA0B7 /* FoundsDetailHeaderView.m in Sources */ = {isa = PBXBuildFile; fileRef = 2414FAF91CC66658003DA0B7 /* FoundsDetailHeaderView.m */; };
		2414FAFD1CC678A3003DA0B7 /* FoundsDetailInfoViewCell.m in Sources */ = {isa = PBXBuildFile; fileRef = 2414FAFC1CC678A3003DA0B7 /* FoundsDetailInfoViewCell.m */; };
		2414FB121CC8D9B9003DA0B7 /* CommonViewCell.m in Sources */ = {isa = PBXBuildFile; fileRef = 2414FB111CC8D9B9003DA0B7 /* CommonViewCell.m */; };
		2414FB151CC8E102003DA0B7 /* HistoryOwnerInfoViewCell.m in Sources */ = {isa = PBXBuildFile; fileRef = 2414FB141CC8E102003DA0B7 /* HistoryOwnerInfoViewCell.m */; };
		2414FB181CC93251003DA0B7 /* FoundsResultViewController.m in Sources */ = {isa = PBXBuildFile; fileRef = 2414FB171CC93251003DA0B7 /* FoundsResultViewController.m */; };
		2414FB1C1CC9C359003DA0B7 /* FoundsCarListViewController.m in Sources */ = {isa = PBXBuildFile; fileRef = 2414FB1B1CC9C359003DA0B7 /* FoundsCarListViewController.m */; };
		2414FB201CC9C3E9003DA0B7 /* FoundsCarViewCell.m in Sources */ = {isa = PBXBuildFile; fileRef = 2414FB1F1CC9C3E9003DA0B7 /* FoundsCarViewCell.m */; };
		2414FB241CC9EF44003DA0B7 /* UserCenterHeaderView.m in Sources */ = {isa = PBXBuildFile; fileRef = 2414FB231CC9EF44003DA0B7 /* UserCenterHeaderView.m */; };
		2414FB271CC9F158003DA0B7 /* SettingViewController.m in Sources */ = {isa = PBXBuildFile; fileRef = 2414FB261CC9F158003DA0B7 /* SettingViewController.m */; };
		2414FB2A1CCA8BD8003DA0B7 /* UserInfoViewController.m in Sources */ = {isa = PBXBuildFile; fileRef = 2414FB291CCA8BD8003DA0B7 /* UserInfoViewController.m */; };
		2414FB2D1CCA8CB4003DA0B7 /* TouristInputInfoViewController.m in Sources */ = {isa = PBXBuildFile; fileRef = 2414FB2C1CCA8CB4003DA0B7 /* TouristInputInfoViewController.m */; };
		2414FB3D1CCA8E5C003DA0B7 /* BK_ELCAlbumPickerController.m in Sources */ = {isa = PBXBuildFile; fileRef = 2414FB301CCA8E5C003DA0B7 /* BK_ELCAlbumPickerController.m */; };
		2414FB3E1CCA8E5C003DA0B7 /* BK_ELCAsset.m in Sources */ = {isa = PBXBuildFile; fileRef = 2414FB321CCA8E5C003DA0B7 /* BK_ELCAsset.m */; };
		2414FB3F1CCA8E5C003DA0B7 /* BK_ELCAssetCell.m in Sources */ = {isa = PBXBuildFile; fileRef = 2414FB341CCA8E5C003DA0B7 /* BK_ELCAssetCell.m */; };
		2414FB401CCA8E5C003DA0B7 /* BK_ELCAssetTablePicker.m in Sources */ = {isa = PBXBuildFile; fileRef = 2414FB361CCA8E5C003DA0B7 /* BK_ELCAssetTablePicker.m */; };
		2414FB411CCA8E5C003DA0B7 /* BK_ELCImagePickerController.m in Sources */ = {isa = PBXBuildFile; fileRef = 2414FB381CCA8E5C003DA0B7 /* BK_ELCImagePickerController.m */; };
		2414FB421CCA8E5C003DA0B7 /* IMGLibraryREADME in Resources */ = {isa = PBXBuildFile; fileRef = 2414FB3B1CCA8E5C003DA0B7 /* IMGLibraryREADME */; };
		2414FB431CCA8E5C003DA0B7 /* Overlay@2x.png in Resources */ = {isa = PBXBuildFile; fileRef = 2414FB3C1CCA8E5C003DA0B7 /* Overlay@2x.png */; };
		2414FB541CCB129A003DA0B7 /* MyFoundsHistoryListViewController.m in Sources */ = {isa = PBXBuildFile; fileRef = 2414FB531CCB129A003DA0B7 /* MyFoundsHistoryListViewController.m */; };
		2414FB571CCB1314003DA0B7 /* MyFoundsHistoryViewCell.m in Sources */ = {isa = PBXBuildFile; fileRef = 2414FB561CCB1314003DA0B7 /* MyFoundsHistoryViewCell.m */; };
		2414FB5A1CCB15F8003DA0B7 /* MyOwnerHistoryViewCell.m in Sources */ = {isa = PBXBuildFile; fileRef = 2414FB591CCB15F8003DA0B7 /* MyOwnerHistoryViewCell.m */; };
		2414FB5D1CCB1636003DA0B7 /* MyOwnerHistoryViewController.m in Sources */ = {isa = PBXBuildFile; fileRef = 2414FB5C1CCB1636003DA0B7 /* MyOwnerHistoryViewController.m */; };
		2414FB601CCB17B1003DA0B7 /* AddressManagerViewController.m in Sources */ = {isa = PBXBuildFile; fileRef = 2414FB5F1CCB17B1003DA0B7 /* AddressManagerViewController.m */; };
		2414FB631CCB1EA4003DA0B7 /* MoneyHistoryViewController.m in Sources */ = {isa = PBXBuildFile; fileRef = 2414FB621CCB1EA4003DA0B7 /* MoneyHistoryViewController.m */; };
		2414FB661CCB1F2C003DA0B7 /* MoneyHistoryViewCell.m in Sources */ = {isa = PBXBuildFile; fileRef = 2414FB651CCB1F2C003DA0B7 /* MoneyHistoryViewCell.m */; };
		24224D951CE44DB800720DED /* FoundsApiManager.m in Sources */ = {isa = PBXBuildFile; fileRef = 24224D941CE44DB800720DED /* FoundsApiManager.m */; };
		24224D981CE44DCC00720DED /* UserCenterApiManager.m in Sources */ = {isa = PBXBuildFile; fileRef = 24224D971CE44DCC00720DED /* UserCenterApiManager.m */; };
		24224D9B1CE44FF300720DED /* Utils.m in Sources */ = {isa = PBXBuildFile; fileRef = 24224D9A1CE44FF300720DED /* Utils.m */; };
		24889D941CEC35E600A4777B /* FoundsModel.m in Sources */ = {isa = PBXBuildFile; fileRef = 24889D931CEC35E600A4777B /* FoundsModel.m */; };
		24889D971CEC3A0500A4777B /* HomeModel.m in Sources */ = {isa = PBXBuildFile; fileRef = 24889D961CEC3A0500A4777B /* HomeModel.m */; };
		24889D9B1CEC846800A4777B /* FoundsDetailModel.m in Sources */ = {isa = PBXBuildFile; fileRef = 24889D9A1CEC846800A4777B /* FoundsDetailModel.m */; };
		24A732B51CCBD26A001F4199 /* Default-568h@2x.png in Resources */ = {isa = PBXBuildFile; fileRef = 24A732B31CCBD26A001F4199 /* Default-568h@2x.png */; };
		24A732B61CCBD26A001F4199 /* Default.png in Resources */ = {isa = PBXBuildFile; fileRef = 24A732B41CCBD26A001F4199 /* Default.png */; };
		9FBAB2B97E265BF55D7C04D6 /* libPods.a in Frameworks */ = {isa = PBXBuildFile; fileRef = D7179336ADD00C16AF180385 /* libPods.a */; };
/* End PBXBuildFile section */

/* Begin PBXFileReference section */
		2414FA051CC4E7AF003DA0B7 /* tiantiPlan.app */ = {isa = PBXFileReference; explicitFileType = wrapper.application; includeInIndex = 0; path = tiantiPlan.app; sourceTree = BUILT_PRODUCTS_DIR; };
		2414FA091CC4E7AF003DA0B7 /* main.m */ = {isa = PBXFileReference; lastKnownFileType = sourcecode.c.objc; path = main.m; sourceTree = "<group>"; };
		2414FA0B1CC4E7AF003DA0B7 /* AppDelegate.h */ = {isa = PBXFileReference; lastKnownFileType = sourcecode.c.h; path = AppDelegate.h; sourceTree = "<group>"; };
		2414FA0C1CC4E7AF003DA0B7 /* AppDelegate.m */ = {isa = PBXFileReference; lastKnownFileType = sourcecode.c.objc; path = AppDelegate.m; sourceTree = "<group>"; };
		2414FA0E1CC4E7AF003DA0B7 /* ViewController.h */ = {isa = PBXFileReference; lastKnownFileType = sourcecode.c.h; path = ViewController.h; sourceTree = "<group>"; };
		2414FA0F1CC4E7AF003DA0B7 /* ViewController.m */ = {isa = PBXFileReference; lastKnownFileType = sourcecode.c.objc; path = ViewController.m; sourceTree = "<group>"; };
		2414FA141CC4E7AF003DA0B7 /* Assets.xcassets */ = {isa = PBXFileReference; lastKnownFileType = folder.assetcatalog; path = Assets.xcassets; sourceTree = "<group>"; };
		2414FA171CC4E7AF003DA0B7 /* Base */ = {isa = PBXFileReference; lastKnownFileType = file.storyboard; name = Base; path = Base.lproj/LaunchScreen.storyboard; sourceTree = "<group>"; };
		2414FA191CC4E7AF003DA0B7 /* Info.plist */ = {isa = PBXFileReference; lastKnownFileType = text.plist.xml; path = Info.plist; sourceTree = "<group>"; };
		2414FA211CC52727003DA0B7 /* BaseApi.h */ = {isa = PBXFileReference; fileEncoding = 4; lastKnownFileType = sourcecode.c.h; path = BaseApi.h; sourceTree = "<group>"; };
		2414FA221CC52727003DA0B7 /* BaseApi.m */ = {isa = PBXFileReference; fileEncoding = 4; lastKnownFileType = sourcecode.c.objc; path = BaseApi.m; sourceTree = "<group>"; };
		2414FA2D1CC52727003DA0B7 /* NSArray+TYAFNetworking.h */ = {isa = PBXFileReference; fileEncoding = 4; lastKnownFileType = sourcecode.c.h; path = "NSArray+TYAFNetworking.h"; sourceTree = "<group>"; };
		2414FA2E1CC52727003DA0B7 /* NSArray+TYAFNetworking.m */ = {isa = PBXFileReference; fileEncoding = 4; lastKnownFileType = sourcecode.c.objc; path = "NSArray+TYAFNetworking.m"; sourceTree = "<group>"; };
		2414FA2F1CC52727003DA0B7 /* NSDictionary+TYAFNetworking.h */ = {isa = PBXFileReference; fileEncoding = 4; lastKnownFileType = sourcecode.c.h; path = "NSDictionary+TYAFNetworking.h"; sourceTree = "<group>"; };
		2414FA301CC52727003DA0B7 /* NSDictionary+TYAFNetworking.m */ = {isa = PBXFileReference; fileEncoding = 4; lastKnownFileType = sourcecode.c.objc; path = "NSDictionary+TYAFNetworking.m"; sourceTree = "<group>"; };
		2414FA311CC52727003DA0B7 /* NSURLRequest+TYAFNetworking.h */ = {isa = PBXFileReference; fileEncoding = 4; lastKnownFileType = sourcecode.c.h; path = "NSURLRequest+TYAFNetworking.h"; sourceTree = "<group>"; };
		2414FA321CC52727003DA0B7 /* NSURLRequest+TYAFNetworking.m */ = {isa = PBXFileReference; fileEncoding = 4; lastKnownFileType = sourcecode.c.objc; path = "NSURLRequest+TYAFNetworking.m"; sourceTree = "<group>"; };
		2414FA331CC52727003DA0B7 /* DSAFNetworkingConfig.h */ = {isa = PBXFileReference; fileEncoding = 4; lastKnownFileType = sourcecode.c.h; path = DSAFNetworkingConfig.h; sourceTree = "<group>"; };
		2414FA341CC52727003DA0B7 /* DSAPIProxy.h */ = {isa = PBXFileReference; fileEncoding = 4; lastKnownFileType = sourcecode.c.h; path = DSAPIProxy.h; sourceTree = "<group>"; };
		2414FA351CC52727003DA0B7 /* DSAPIProxy.m */ = {isa = PBXFileReference; fileEncoding = 4; lastKnownFileType = sourcecode.c.objc; path = DSAPIProxy.m; sourceTree = "<group>"; };
		2414FA361CC52727003DA0B7 /* DSRequestCenter.h */ = {isa = PBXFileReference; fileEncoding = 4; lastKnownFileType = sourcecode.c.h; path = DSRequestCenter.h; sourceTree = "<group>"; };
		2414FA371CC52727003DA0B7 /* DSRequestCenter.m */ = {isa = PBXFileReference; fileEncoding = 4; lastKnownFileType = sourcecode.c.objc; path = DSRequestCenter.m; sourceTree = "<group>"; };
		2414FA381CC52727003DA0B7 /* DSRequestGenerator.h */ = {isa = PBXFileReference; fileEncoding = 4; lastKnownFileType = sourcecode.c.h; path = DSRequestGenerator.h; sourceTree = "<group>"; };
		2414FA391CC52727003DA0B7 /* DSRequestGenerator.m */ = {isa = PBXFileReference; fileEncoding = 4; lastKnownFileType = sourcecode.c.objc; path = DSRequestGenerator.m; sourceTree = "<group>"; };
		2414FA3A1CC52727003DA0B7 /* DSSignatureGenerator.h */ = {isa = PBXFileReference; fileEncoding = 4; lastKnownFileType = sourcecode.c.h; path = DSSignatureGenerator.h; sourceTree = "<group>"; };
		2414FA3B1CC52727003DA0B7 /* DSSignatureGenerator.m */ = {isa = PBXFileReference; fileEncoding = 4; lastKnownFileType = sourcecode.c.objc; path = DSSignatureGenerator.m; sourceTree = "<group>"; };
		2414FA3C1CC52727003DA0B7 /* DSURLResponse.h */ = {isa = PBXFileReference; fileEncoding = 4; lastKnownFileType = sourcecode.c.h; path = DSURLResponse.h; sourceTree = "<group>"; };
		2414FA3D1CC52727003DA0B7 /* DSURLResponse.m */ = {isa = PBXFileReference; fileEncoding = 4; lastKnownFileType = sourcecode.c.objc; path = DSURLResponse.m; sourceTree = "<group>"; };
		2414FA3F1CC52727003DA0B7 /* BaseResponseModel.h */ = {isa = PBXFileReference; fileEncoding = 4; lastKnownFileType = sourcecode.c.h; path = BaseResponseModel.h; sourceTree = "<group>"; };
		2414FA401CC52727003DA0B7 /* BaseResponseModel.m */ = {isa = PBXFileReference; fileEncoding = 4; lastKnownFileType = sourcecode.c.objc; path = BaseResponseModel.m; sourceTree = "<group>"; };
		2414FA551CC52758003DA0B7 /* CaculateUtils.h */ = {isa = PBXFileReference; fileEncoding = 4; lastKnownFileType = sourcecode.c.h; path = CaculateUtils.h; sourceTree = "<group>"; };
		2414FA561CC52758003DA0B7 /* CaculateUtils.m */ = {isa = PBXFileReference; fileEncoding = 4; lastKnownFileType = sourcecode.c.objc; path = CaculateUtils.m; sourceTree = "<group>"; };
		2414FA571CC52758003DA0B7 /* DeviceModel.h */ = {isa = PBXFileReference; fileEncoding = 4; lastKnownFileType = sourcecode.c.h; path = DeviceModel.h; sourceTree = "<group>"; };
		2414FA581CC52758003DA0B7 /* DeviceModel.m */ = {isa = PBXFileReference; fileEncoding = 4; lastKnownFileType = sourcecode.c.objc; path = DeviceModel.m; sourceTree = "<group>"; };
		2414FA591CC52758003DA0B7 /* FilePathManager.h */ = {isa = PBXFileReference; fileEncoding = 4; lastKnownFileType = sourcecode.c.h; path = FilePathManager.h; sourceTree = "<group>"; };
		2414FA5A1CC52758003DA0B7 /* FilePathManager.m */ = {isa = PBXFileReference; fileEncoding = 4; lastKnownFileType = sourcecode.c.objc; path = FilePathManager.m; sourceTree = "<group>"; };
		2414FA5B1CC52758003DA0B7 /* FunctionMethodsUtil.h */ = {isa = PBXFileReference; fileEncoding = 4; lastKnownFileType = sourcecode.c.h; path = FunctionMethodsUtil.h; sourceTree = "<group>"; };
		2414FA5C1CC52758003DA0B7 /* FunctionMethodsUtil.m */ = {isa = PBXFileReference; fileEncoding = 4; lastKnownFileType = sourcecode.c.objc; path = FunctionMethodsUtil.m; sourceTree = "<group>"; };
		2414FA5D1CC52758003DA0B7 /* ImageUtils.h */ = {isa = PBXFileReference; fileEncoding = 4; lastKnownFileType = sourcecode.c.h; path = ImageUtils.h; sourceTree = "<group>"; };
		2414FA5E1CC52758003DA0B7 /* ImageUtils.m */ = {isa = PBXFileReference; fileEncoding = 4; lastKnownFileType = sourcecode.c.objc; path = ImageUtils.m; sourceTree = "<group>"; };
		2414FA5F1CC52758003DA0B7 /* NetworkUtils.h */ = {isa = PBXFileReference; fileEncoding = 4; lastKnownFileType = sourcecode.c.h; path = NetworkUtils.h; sourceTree = "<group>"; };
		2414FA601CC52758003DA0B7 /* NetworkUtils.m */ = {isa = PBXFileReference; fileEncoding = 4; lastKnownFileType = sourcecode.c.objc; path = NetworkUtils.m; sourceTree = "<group>"; };
		2414FA611CC52758003DA0B7 /* RegulationMatchUtil.h */ = {isa = PBXFileReference; fileEncoding = 4; lastKnownFileType = sourcecode.c.h; path = RegulationMatchUtil.h; sourceTree = "<group>"; };
		2414FA621CC52758003DA0B7 /* RegulationMatchUtil.m */ = {isa = PBXFileReference; fileEncoding = 4; lastKnownFileType = sourcecode.c.objc; path = RegulationMatchUtil.m; sourceTree = "<group>"; };
		2414FA631CC52758003DA0B7 /* UserDefaultCashe.h */ = {isa = PBXFileReference; fileEncoding = 4; lastKnownFileType = sourcecode.c.h; path = UserDefaultCashe.h; sourceTree = "<group>"; };
		2414FA641CC52758003DA0B7 /* UserDefaultCashe.m */ = {isa = PBXFileReference; fileEncoding = 4; lastKnownFileType = sourcecode.c.objc; path = UserDefaultCashe.m; sourceTree = "<group>"; };
		2414FA6F1CC527A1003DA0B7 /* AgentInfoModel.h */ = {isa = PBXFileReference; fileEncoding = 4; lastKnownFileType = sourcecode.c.h; path = AgentInfoModel.h; sourceTree = "<group>"; };
		2414FA701CC527A1003DA0B7 /* AgentInfoModel.m */ = {isa = PBXFileReference; fileEncoding = 4; lastKnownFileType = sourcecode.c.objc; path = AgentInfoModel.m; sourceTree = "<group>"; };
		2414FA711CC527A1003DA0B7 /* DSBaseModel.h */ = {isa = PBXFileReference; fileEncoding = 4; lastKnownFileType = sourcecode.c.h; path = DSBaseModel.h; sourceTree = "<group>"; };
		2414FA721CC527A1003DA0B7 /* DSBaseModel.m */ = {isa = PBXFileReference; fileEncoding = 4; lastKnownFileType = sourcecode.c.objc; path = DSBaseModel.m; sourceTree = "<group>"; };
		2414FA731CC527A1003DA0B7 /* UserBaseInfoModel.h */ = {isa = PBXFileReference; fileEncoding = 4; lastKnownFileType = sourcecode.c.h; path = UserBaseInfoModel.h; sourceTree = "<group>"; };
		2414FA741CC527A1003DA0B7 /* UserBaseInfoModel.m */ = {isa = PBXFileReference; fileEncoding = 4; lastKnownFileType = sourcecode.c.objc; path = UserBaseInfoModel.m; sourceTree = "<group>"; };
		2414FA751CC527A1003DA0B7 /* UserCacheBean.h */ = {isa = PBXFileReference; fileEncoding = 4; lastKnownFileType = sourcecode.c.h; path = UserCacheBean.h; sourceTree = "<group>"; };
		2414FA761CC527A1003DA0B7 /* UserCacheBean.m */ = {isa = PBXFileReference; fileEncoding = 4; lastKnownFileType = sourcecode.c.objc; path = UserCacheBean.m; sourceTree = "<group>"; };
		2414FA7C1CC527CB003DA0B7 /* NSObject+AddKeyValueToObject.h */ = {isa = PBXFileReference; fileEncoding = 4; lastKnownFileType = sourcecode.c.h; path = "NSObject+AddKeyValueToObject.h"; sourceTree = "<group>"; };
		2414FA7D1CC527CB003DA0B7 /* NSObject+AddKeyValueToObject.m */ = {isa = PBXFileReference; fileEncoding = 4; lastKnownFileType = sourcecode.c.objc; path = "NSObject+AddKeyValueToObject.m"; sourceTree = "<group>"; };
		2414FA7E1CC527CB003DA0B7 /* NSString+Hash.h */ = {isa = PBXFileReference; fileEncoding = 4; lastKnownFileType = sourcecode.c.h; path = "NSString+Hash.h"; sourceTree = "<group>"; };
		2414FA7F1CC527CB003DA0B7 /* NSString+Hash.m */ = {isa = PBXFileReference; fileEncoding = 4; lastKnownFileType = sourcecode.c.objc; path = "NSString+Hash.m"; sourceTree = "<group>"; };
		2414FA801CC527CB003DA0B7 /* NSString+MD5Addition.h */ = {isa = PBXFileReference; fileEncoding = 4; lastKnownFileType = sourcecode.c.h; path = "NSString+MD5Addition.h"; sourceTree = "<group>"; };
		2414FA811CC527CB003DA0B7 /* NSString+MD5Addition.m */ = {isa = PBXFileReference; fileEncoding = 4; lastKnownFileType = sourcecode.c.objc; path = "NSString+MD5Addition.m"; sourceTree = "<group>"; };
		2414FA821CC527CB003DA0B7 /* NSString+RTStyle.h */ = {isa = PBXFileReference; fileEncoding = 4; lastKnownFileType = sourcecode.c.h; path = "NSString+RTStyle.h"; sourceTree = "<group>"; };
		2414FA831CC527CB003DA0B7 /* NSString+RTStyle.m */ = {isa = PBXFileReference; fileEncoding = 4; lastKnownFileType = sourcecode.c.objc; path = "NSString+RTStyle.m"; sourceTree = "<group>"; };
		2414FA841CC527CB003DA0B7 /* UDIDWrapper.h */ = {isa = PBXFileReference; fileEncoding = 4; lastKnownFileType = sourcecode.c.h; path = UDIDWrapper.h; sourceTree = "<group>"; };
		2414FA851CC527CB003DA0B7 /* UDIDWrapper.m */ = {isa = PBXFileReference; fileEncoding = 4; lastKnownFileType = sourcecode.c.objc; path = UDIDWrapper.m; sourceTree = "<group>"; };
		2414FA861CC527CB003DA0B7 /* UIDevice+IdentifierAddition.h */ = {isa = PBXFileReference; fileEncoding = 4; lastKnownFileType = sourcecode.c.h; path = "UIDevice+IdentifierAddition.h"; sourceTree = "<group>"; };
		2414FA871CC527CB003DA0B7 /* UIDevice+IdentifierAddition.m */ = {isa = PBXFileReference; fileEncoding = 4; lastKnownFileType = sourcecode.c.objc; path = "UIDevice+IdentifierAddition.m"; sourceTree = "<group>"; };
		2414FA891CC527CB003DA0B7 /* UIImage+Alpha.h */ = {isa = PBXFileReference; fileEncoding = 4; lastKnownFileType = sourcecode.c.h; path = "UIImage+Alpha.h"; sourceTree = "<group>"; };
		2414FA8A1CC527CB003DA0B7 /* UIImage+Alpha.m */ = {isa = PBXFileReference; fileEncoding = 4; lastKnownFileType = sourcecode.c.objc; path = "UIImage+Alpha.m"; sourceTree = "<group>"; };
		2414FA8B1CC527CB003DA0B7 /* UIImage+Resize.h */ = {isa = PBXFileReference; fileEncoding = 4; lastKnownFileType = sourcecode.c.h; path = "UIImage+Resize.h"; sourceTree = "<group>"; };
		2414FA8C1CC527CB003DA0B7 /* UIImage+Resize.m */ = {isa = PBXFileReference; fileEncoding = 4; lastKnownFileType = sourcecode.c.objc; path = "UIImage+Resize.m"; sourceTree = "<group>"; };
		2414FA8D1CC527CB003DA0B7 /* UIImage+RoundedCorner.h */ = {isa = PBXFileReference; fileEncoding = 4; lastKnownFileType = sourcecode.c.h; path = "UIImage+RoundedCorner.h"; sourceTree = "<group>"; };
		2414FA8E1CC527CB003DA0B7 /* UIImage+RoundedCorner.m */ = {isa = PBXFileReference; fileEncoding = 4; lastKnownFileType = sourcecode.c.objc; path = "UIImage+RoundedCorner.m"; sourceTree = "<group>"; };
		2414FA8F1CC527CB003DA0B7 /* UIImage+RTStyle.h */ = {isa = PBXFileReference; fileEncoding = 4; lastKnownFileType = sourcecode.c.h; path = "UIImage+RTStyle.h"; sourceTree = "<group>"; };
		2414FA901CC527CB003DA0B7 /* UIImage+RTStyle.m */ = {isa = PBXFileReference; fileEncoding = 4; lastKnownFileType = sourcecode.c.objc; path = "UIImage+RTStyle.m"; sourceTree = "<group>"; };
		2414FA911CC527CB003DA0B7 /* UILabel+HightLight.h */ = {isa = PBXFileReference; fileEncoding = 4; lastKnownFileType = sourcecode.c.h; path = "UILabel+HightLight.h"; sourceTree = "<group>"; };
		2414FA921CC527CB003DA0B7 /* UILabel+HightLight.m */ = {isa = PBXFileReference; fileEncoding = 4; lastKnownFileType = sourcecode.c.objc; path = "UILabel+HightLight.m"; sourceTree = "<group>"; };
		2414FA931CC527CB003DA0B7 /* UIScrollView+UnderLine.h */ = {isa = PBXFileReference; fileEncoding = 4; lastKnownFileType = sourcecode.c.h; path = "UIScrollView+UnderLine.h"; sourceTree = "<group>"; };
		2414FA941CC527CB003DA0B7 /* UIScrollView+UnderLine.m */ = {isa = PBXFileReference; fileEncoding = 4; lastKnownFileType = sourcecode.c.objc; path = "UIScrollView+UnderLine.m"; sourceTree = "<group>"; };
		2414FA951CC527CB003DA0B7 /* UIView+CTExtensions.h */ = {isa = PBXFileReference; fileEncoding = 4; lastKnownFileType = sourcecode.c.h; path = "UIView+CTExtensions.h"; sourceTree = "<group>"; };
		2414FA961CC527CB003DA0B7 /* UIView+CTExtensions.m */ = {isa = PBXFileReference; fileEncoding = 4; lastKnownFileType = sourcecode.c.objc; path = "UIView+CTExtensions.m"; sourceTree = "<group>"; };
		2414FA971CC527CB003DA0B7 /* UIViewController+Loading.h */ = {isa = PBXFileReference; fileEncoding = 4; lastKnownFileType = sourcecode.c.h; path = "UIViewController+Loading.h"; sourceTree = "<group>"; };
		2414FA981CC527CB003DA0B7 /* UIViewController+Loading.m */ = {isa = PBXFileReference; fileEncoding = 4; lastKnownFileType = sourcecode.c.objc; path = "UIViewController+Loading.m"; sourceTree = "<group>"; };
		2414FAA81CC527F8003DA0B7 /* DSConfig.h */ = {isa = PBXFileReference; fileEncoding = 4; lastKnownFileType = sourcecode.c.h; path = DSConfig.h; sourceTree = "<group>"; };
		2414FABA1CC5D0BF003DA0B7 /* BYTabBarController.h */ = {isa = PBXFileReference; fileEncoding = 4; lastKnownFileType = sourcecode.c.h; path = BYTabBarController.h; sourceTree = "<group>"; };
		2414FABB1CC5D0BF003DA0B7 /* BYTabBarController.m */ = {isa = PBXFileReference; fileEncoding = 4; lastKnownFileType = sourcecode.c.objc; path = BYTabBarController.m; sourceTree = "<group>"; };
		2414FABC1CC5D0BF003DA0B7 /* BaseViewController.h */ = {isa = PBXFileReference; fileEncoding = 4; lastKnownFileType = sourcecode.c.h; path = BaseViewController.h; sourceTree = "<group>"; };
		2414FABD1CC5D0BF003DA0B7 /* BaseViewController.m */ = {isa = PBXFileReference; fileEncoding = 4; lastKnownFileType = sourcecode.c.objc; path = BaseViewController.m; sourceTree = "<group>"; };
		2414FAC51CC5D8CA003DA0B7 /* HomeViewController.h */ = {isa = PBXFileReference; fileEncoding = 4; lastKnownFileType = sourcecode.c.h; path = HomeViewController.h; sourceTree = "<group>"; };
		2414FAC61CC5D8CA003DA0B7 /* HomeViewController.m */ = {isa = PBXFileReference; fileEncoding = 4; lastKnownFileType = sourcecode.c.objc; path = HomeViewController.m; sourceTree = "<group>"; };
		2414FAC81CC5D8E8003DA0B7 /* UserCenterViewController.h */ = {isa = PBXFileReference; fileEncoding = 4; lastKnownFileType = sourcecode.c.h; path = UserCenterViewController.h; sourceTree = "<group>"; };
		2414FAC91CC5D8E8003DA0B7 /* UserCenterViewController.m */ = {isa = PBXFileReference; fileEncoding = 4; lastKnownFileType = sourcecode.c.objc; path = UserCenterViewController.m; sourceTree = "<group>"; };
		2414FACE1CC5D91E003DA0B7 /* HistoryListViewController.h */ = {isa = PBXFileReference; fileEncoding = 4; lastKnownFileType = sourcecode.c.h; path = HistoryListViewController.h; sourceTree = "<group>"; };
		2414FACF1CC5D91E003DA0B7 /* HistoryListViewController.m */ = {isa = PBXFileReference; fileEncoding = 4; lastKnownFileType = sourcecode.c.objc; path = HistoryListViewController.m; sourceTree = "<group>"; };
		2414FAD11CC5D93F003DA0B7 /* AllGoodsListViewController.h */ = {isa = PBXFileReference; fileEncoding = 4; lastKnownFileType = sourcecode.c.h; path = AllGoodsListViewController.h; sourceTree = "<group>"; };
		2414FAD21CC5D93F003DA0B7 /* AllGoodsListViewController.m */ = {isa = PBXFileReference; fileEncoding = 4; lastKnownFileType = sourcecode.c.objc; path = AllGoodsListViewController.m; sourceTree = "<group>"; };
		2414FAD51CC5D9D5003DA0B7 /* BYTabBarItem.h */ = {isa = PBXFileReference; fileEncoding = 4; lastKnownFileType = sourcecode.c.h; path = BYTabBarItem.h; sourceTree = "<group>"; };
		2414FAD61CC5D9D5003DA0B7 /* BYTabBarItem.m */ = {isa = PBXFileReference; fileEncoding = 4; lastKnownFileType = sourcecode.c.objc; path = BYTabBarItem.m; sourceTree = "<group>"; };
		2414FAD81CC5DBA4003DA0B7 /* BaseViewCell.h */ = {isa = PBXFileReference; fileEncoding = 4; lastKnownFileType = sourcecode.c.h; path = BaseViewCell.h; sourceTree = "<group>"; };
		2414FAD91CC5DBA4003DA0B7 /* BaseViewCell.m */ = {isa = PBXFileReference; fileEncoding = 4; lastKnownFileType = sourcecode.c.objc; path = BaseViewCell.m; sourceTree = "<group>"; };
		2414FADC1CC5DEF6003DA0B7 /* JXBAdPageView.h */ = {isa = PBXFileReference; fileEncoding = 4; lastKnownFileType = sourcecode.c.h; path = JXBAdPageView.h; sourceTree = "<group>"; };
		2414FADD1CC5DEF6003DA0B7 /* JXBAdPageView.m */ = {isa = PBXFileReference; fileEncoding = 4; lastKnownFileType = sourcecode.c.objc; path = JXBAdPageView.m; sourceTree = "<group>"; };
		2414FAE11CC60945003DA0B7 /* HomeFirstViewCell.h */ = {isa = PBXFileReference; fileEncoding = 4; lastKnownFileType = sourcecode.c.h; path = HomeFirstViewCell.h; sourceTree = "<group>"; };
		2414FAE21CC60945003DA0B7 /* HomeFirstViewCell.m */ = {isa = PBXFileReference; fileEncoding = 4; lastKnownFileType = sourcecode.c.objc; path = HomeFirstViewCell.m; sourceTree = "<group>"; };
		2414FAE41CC60958003DA0B7 /* HomeSecondViewCell.h */ = {isa = PBXFileReference; fileEncoding = 4; lastKnownFileType = sourcecode.c.h; path = HomeSecondViewCell.h; sourceTree = "<group>"; };
		2414FAE51CC60958003DA0B7 /* HomeSecondViewCell.m */ = {isa = PBXFileReference; fileEncoding = 4; lastKnownFileType = sourcecode.c.objc; path = HomeSecondViewCell.m; sourceTree = "<group>"; };
		2414FAE71CC60968003DA0B7 /* HomeThirdViewCell.h */ = {isa = PBXFileReference; fileEncoding = 4; lastKnownFileType = sourcecode.c.h; path = HomeThirdViewCell.h; sourceTree = "<group>"; };
		2414FAE81CC60968003DA0B7 /* HomeThirdViewCell.m */ = {isa = PBXFileReference; fileEncoding = 4; lastKnownFileType = sourcecode.c.objc; path = HomeThirdViewCell.m; sourceTree = "<group>"; };
		2414FAEA1CC60BCE003DA0B7 /* FoundsCardCell.h */ = {isa = PBXFileReference; fileEncoding = 4; lastKnownFileType = sourcecode.c.h; path = FoundsCardCell.h; sourceTree = "<group>"; };
		2414FAEB1CC60BCE003DA0B7 /* FoundsCardCell.m */ = {isa = PBXFileReference; fileEncoding = 4; lastKnownFileType = sourcecode.c.objc; path = FoundsCardCell.m; sourceTree = "<group>"; };
		2414FAED1CC628D6003DA0B7 /* FoundsProgressCardCell.h */ = {isa = PBXFileReference; fileEncoding = 4; lastKnownFileType = sourcecode.c.h; path = FoundsProgressCardCell.h; sourceTree = "<group>"; };
		2414FAEE1CC628D6003DA0B7 /* FoundsProgressCardCell.m */ = {isa = PBXFileReference; fileEncoding = 4; lastKnownFileType = sourcecode.c.objc; path = FoundsProgressCardCell.m; sourceTree = "<group>"; };
		2414FAF01CC6316F003DA0B7 /* FoundsTypeCell.h */ = {isa = PBXFileReference; fileEncoding = 4; lastKnownFileType = sourcecode.c.h; path = FoundsTypeCell.h; sourceTree = "<group>"; };
		2414FAF11CC6316F003DA0B7 /* FoundsTypeCell.m */ = {isa = PBXFileReference; fileEncoding = 4; lastKnownFileType = sourcecode.c.objc; path = FoundsTypeCell.m; sourceTree = "<group>"; };
		2414FAF41CC665D0003DA0B7 /* FoundsDetailViewController.h */ = {isa = PBXFileReference; fileEncoding = 4; lastKnownFileType = sourcecode.c.h; path = FoundsDetailViewController.h; sourceTree = "<group>"; };
		2414FAF51CC665D0003DA0B7 /* FoundsDetailViewController.m */ = {isa = PBXFileReference; fileEncoding = 4; lastKnownFileType = sourcecode.c.objc; path = FoundsDetailViewController.m; sourceTree = "<group>"; };
		2414FAF81CC66658003DA0B7 /* FoundsDetailHeaderView.h */ = {isa = PBXFileReference; fileEncoding = 4; lastKnownFileType = sourcecode.c.h; path = FoundsDetailHeaderView.h; sourceTree = "<group>"; };
		2414FAF91CC66658003DA0B7 /* FoundsDetailHeaderView.m */ = {isa = PBXFileReference; fileEncoding = 4; lastKnownFileType = sourcecode.c.objc; path = FoundsDetailHeaderView.m; sourceTree = "<group>"; };
		2414FAFB1CC678A3003DA0B7 /* FoundsDetailInfoViewCell.h */ = {isa = PBXFileReference; fileEncoding = 4; lastKnownFileType = sourcecode.c.h; path = FoundsDetailInfoViewCell.h; sourceTree = "<group>"; };
		2414FAFC1CC678A3003DA0B7 /* FoundsDetailInfoViewCell.m */ = {isa = PBXFileReference; fileEncoding = 4; lastKnownFileType = sourcecode.c.objc; path = FoundsDetailInfoViewCell.m; sourceTree = "<group>"; };
		2414FB101CC8D9B9003DA0B7 /* CommonViewCell.h */ = {isa = PBXFileReference; fileEncoding = 4; lastKnownFileType = sourcecode.c.h; path = CommonViewCell.h; sourceTree = "<group>"; };
		2414FB111CC8D9B9003DA0B7 /* CommonViewCell.m */ = {isa = PBXFileReference; fileEncoding = 4; lastKnownFileType = sourcecode.c.objc; path = CommonViewCell.m; sourceTree = "<group>"; };
		2414FB131CC8E102003DA0B7 /* HistoryOwnerInfoViewCell.h */ = {isa = PBXFileReference; fileEncoding = 4; lastKnownFileType = sourcecode.c.h; path = HistoryOwnerInfoViewCell.h; sourceTree = "<group>"; };
		2414FB141CC8E102003DA0B7 /* HistoryOwnerInfoViewCell.m */ = {isa = PBXFileReference; fileEncoding = 4; lastKnownFileType = sourcecode.c.objc; path = HistoryOwnerInfoViewCell.m; sourceTree = "<group>"; };
		2414FB161CC93251003DA0B7 /* FoundsResultViewController.h */ = {isa = PBXFileReference; fileEncoding = 4; lastKnownFileType = sourcecode.c.h; path = FoundsResultViewController.h; sourceTree = "<group>"; };
		2414FB171CC93251003DA0B7 /* FoundsResultViewController.m */ = {isa = PBXFileReference; fileEncoding = 4; lastKnownFileType = sourcecode.c.objc; path = FoundsResultViewController.m; sourceTree = "<group>"; };
		2414FB1A1CC9C359003DA0B7 /* FoundsCarListViewController.h */ = {isa = PBXFileReference; fileEncoding = 4; lastKnownFileType = sourcecode.c.h; path = FoundsCarListViewController.h; sourceTree = "<group>"; };
		2414FB1B1CC9C359003DA0B7 /* FoundsCarListViewController.m */ = {isa = PBXFileReference; fileEncoding = 4; lastKnownFileType = sourcecode.c.objc; path = FoundsCarListViewController.m; sourceTree = "<group>"; };
		2414FB1E1CC9C3E9003DA0B7 /* FoundsCarViewCell.h */ = {isa = PBXFileReference; fileEncoding = 4; lastKnownFileType = sourcecode.c.h; path = FoundsCarViewCell.h; sourceTree = "<group>"; };
		2414FB1F1CC9C3E9003DA0B7 /* FoundsCarViewCell.m */ = {isa = PBXFileReference; fileEncoding = 4; lastKnownFileType = sourcecode.c.objc; path = FoundsCarViewCell.m; sourceTree = "<group>"; };
		2414FB221CC9EF44003DA0B7 /* UserCenterHeaderView.h */ = {isa = PBXFileReference; fileEncoding = 4; lastKnownFileType = sourcecode.c.h; path = UserCenterHeaderView.h; sourceTree = "<group>"; };
		2414FB231CC9EF44003DA0B7 /* UserCenterHeaderView.m */ = {isa = PBXFileReference; fileEncoding = 4; lastKnownFileType = sourcecode.c.objc; path = UserCenterHeaderView.m; sourceTree = "<group>"; };
		2414FB251CC9F158003DA0B7 /* SettingViewController.h */ = {isa = PBXFileReference; fileEncoding = 4; lastKnownFileType = sourcecode.c.h; path = SettingViewController.h; sourceTree = "<group>"; };
		2414FB261CC9F158003DA0B7 /* SettingViewController.m */ = {isa = PBXFileReference; fileEncoding = 4; lastKnownFileType = sourcecode.c.objc; path = SettingViewController.m; sourceTree = "<group>"; };
		2414FB281CCA8BD8003DA0B7 /* UserInfoViewController.h */ = {isa = PBXFileReference; fileEncoding = 4; lastKnownFileType = sourcecode.c.h; path = UserInfoViewController.h; sourceTree = "<group>"; };
		2414FB291CCA8BD8003DA0B7 /* UserInfoViewController.m */ = {isa = PBXFileReference; fileEncoding = 4; lastKnownFileType = sourcecode.c.objc; path = UserInfoViewController.m; sourceTree = "<group>"; };
		2414FB2B1CCA8CB4003DA0B7 /* TouristInputInfoViewController.h */ = {isa = PBXFileReference; fileEncoding = 4; lastKnownFileType = sourcecode.c.h; path = TouristInputInfoViewController.h; sourceTree = "<group>"; };
		2414FB2C1CCA8CB4003DA0B7 /* TouristInputInfoViewController.m */ = {isa = PBXFileReference; fileEncoding = 4; lastKnownFileType = sourcecode.c.objc; path = TouristInputInfoViewController.m; sourceTree = "<group>"; };
		2414FB2F1CCA8E5C003DA0B7 /* BK_ELCAlbumPickerController.h */ = {isa = PBXFileReference; fileEncoding = 4; lastKnownFileType = sourcecode.c.h; path = BK_ELCAlbumPickerController.h; sourceTree = "<group>"; };
		2414FB301CCA8E5C003DA0B7 /* BK_ELCAlbumPickerController.m */ = {isa = PBXFileReference; fileEncoding = 4; lastKnownFileType = sourcecode.c.objc; path = BK_ELCAlbumPickerController.m; sourceTree = "<group>"; };
		2414FB311CCA8E5C003DA0B7 /* BK_ELCAsset.h */ = {isa = PBXFileReference; fileEncoding = 4; lastKnownFileType = sourcecode.c.h; path = BK_ELCAsset.h; sourceTree = "<group>"; };
		2414FB321CCA8E5C003DA0B7 /* BK_ELCAsset.m */ = {isa = PBXFileReference; fileEncoding = 4; lastKnownFileType = sourcecode.c.objc; path = BK_ELCAsset.m; sourceTree = "<group>"; };
		2414FB331CCA8E5C003DA0B7 /* BK_ELCAssetCell.h */ = {isa = PBXFileReference; fileEncoding = 4; lastKnownFileType = sourcecode.c.h; path = BK_ELCAssetCell.h; sourceTree = "<group>"; };
		2414FB341CCA8E5C003DA0B7 /* BK_ELCAssetCell.m */ = {isa = PBXFileReference; fileEncoding = 4; lastKnownFileType = sourcecode.c.objc; path = BK_ELCAssetCell.m; sourceTree = "<group>"; };
		2414FB351CCA8E5C003DA0B7 /* BK_ELCAssetTablePicker.h */ = {isa = PBXFileReference; fileEncoding = 4; lastKnownFileType = sourcecode.c.h; path = BK_ELCAssetTablePicker.h; sourceTree = "<group>"; };
		2414FB361CCA8E5C003DA0B7 /* BK_ELCAssetTablePicker.m */ = {isa = PBXFileReference; fileEncoding = 4; lastKnownFileType = sourcecode.c.objc; path = BK_ELCAssetTablePicker.m; sourceTree = "<group>"; };
		2414FB371CCA8E5C003DA0B7 /* BK_ELCImagePickerController.h */ = {isa = PBXFileReference; fileEncoding = 4; lastKnownFileType = sourcecode.c.h; path = BK_ELCImagePickerController.h; sourceTree = "<group>"; };
		2414FB381CCA8E5C003DA0B7 /* BK_ELCImagePickerController.m */ = {isa = PBXFileReference; fileEncoding = 4; lastKnownFileType = sourcecode.c.objc; path = BK_ELCImagePickerController.m; sourceTree = "<group>"; };
		2414FB391CCA8E5C003DA0B7 /* ELCAssetPickerFilterDelegate.h */ = {isa = PBXFileReference; fileEncoding = 4; lastKnownFileType = sourcecode.c.h; path = ELCAssetPickerFilterDelegate.h; sourceTree = "<group>"; };
		2414FB3A1CCA8E5C003DA0B7 /* ELCAssetSelectionDelegate.h */ = {isa = PBXFileReference; fileEncoding = 4; lastKnownFileType = sourcecode.c.h; path = ELCAssetSelectionDelegate.h; sourceTree = "<group>"; };
		2414FB3B1CCA8E5C003DA0B7 /* IMGLibraryREADME */ = {isa = PBXFileReference; fileEncoding = 4; lastKnownFileType = text; path = IMGLibraryREADME; sourceTree = "<group>"; };
		2414FB3C1CCA8E5C003DA0B7 /* Overlay@2x.png */ = {isa = PBXFileReference; lastKnownFileType = image.png; path = "Overlay@2x.png"; sourceTree = "<group>"; };
		2414FB521CCB129A003DA0B7 /* MyFoundsHistoryListViewController.h */ = {isa = PBXFileReference; fileEncoding = 4; lastKnownFileType = sourcecode.c.h; path = MyFoundsHistoryListViewController.h; sourceTree = "<group>"; };
		2414FB531CCB129A003DA0B7 /* MyFoundsHistoryListViewController.m */ = {isa = PBXFileReference; fileEncoding = 4; lastKnownFileType = sourcecode.c.objc; path = MyFoundsHistoryListViewController.m; sourceTree = "<group>"; };
		2414FB551CCB1314003DA0B7 /* MyFoundsHistoryViewCell.h */ = {isa = PBXFileReference; fileEncoding = 4; lastKnownFileType = sourcecode.c.h; path = MyFoundsHistoryViewCell.h; sourceTree = "<group>"; };
		2414FB561CCB1314003DA0B7 /* MyFoundsHistoryViewCell.m */ = {isa = PBXFileReference; fileEncoding = 4; lastKnownFileType = sourcecode.c.objc; path = MyFoundsHistoryViewCell.m; sourceTree = "<group>"; };
		2414FB581CCB15F8003DA0B7 /* MyOwnerHistoryViewCell.h */ = {isa = PBXFileReference; fileEncoding = 4; lastKnownFileType = sourcecode.c.h; path = MyOwnerHistoryViewCell.h; sourceTree = "<group>"; };
		2414FB591CCB15F8003DA0B7 /* MyOwnerHistoryViewCell.m */ = {isa = PBXFileReference; fileEncoding = 4; lastKnownFileType = sourcecode.c.objc; path = MyOwnerHistoryViewCell.m; sourceTree = "<group>"; };
		2414FB5B1CCB1636003DA0B7 /* MyOwnerHistoryViewController.h */ = {isa = PBXFileReference; fileEncoding = 4; lastKnownFileType = sourcecode.c.h; path = MyOwnerHistoryViewController.h; sourceTree = "<group>"; };
		2414FB5C1CCB1636003DA0B7 /* MyOwnerHistoryViewController.m */ = {isa = PBXFileReference; fileEncoding = 4; lastKnownFileType = sourcecode.c.objc; path = MyOwnerHistoryViewController.m; sourceTree = "<group>"; };
		2414FB5E1CCB17B1003DA0B7 /* AddressManagerViewController.h */ = {isa = PBXFileReference; fileEncoding = 4; lastKnownFileType = sourcecode.c.h; path = AddressManagerViewController.h; sourceTree = "<group>"; };
		2414FB5F1CCB17B1003DA0B7 /* AddressManagerViewController.m */ = {isa = PBXFileReference; fileEncoding = 4; lastKnownFileType = sourcecode.c.objc; path = AddressManagerViewController.m; sourceTree = "<group>"; };
		2414FB611CCB1EA4003DA0B7 /* MoneyHistoryViewController.h */ = {isa = PBXFileReference; fileEncoding = 4; lastKnownFileType = sourcecode.c.h; path = MoneyHistoryViewController.h; sourceTree = "<group>"; };
		2414FB621CCB1EA4003DA0B7 /* MoneyHistoryViewController.m */ = {isa = PBXFileReference; fileEncoding = 4; lastKnownFileType = sourcecode.c.objc; path = MoneyHistoryViewController.m; sourceTree = "<group>"; };
		2414FB641CCB1F2C003DA0B7 /* MoneyHistoryViewCell.h */ = {isa = PBXFileReference; fileEncoding = 4; lastKnownFileType = sourcecode.c.h; path = MoneyHistoryViewCell.h; sourceTree = "<group>"; };
		2414FB651CCB1F2C003DA0B7 /* MoneyHistoryViewCell.m */ = {isa = PBXFileReference; fileEncoding = 4; lastKnownFileType = sourcecode.c.objc; path = MoneyHistoryViewCell.m; sourceTree = "<group>"; };
		24224D931CE44DB800720DED /* FoundsApiManager.h */ = {isa = PBXFileReference; fileEncoding = 4; lastKnownFileType = sourcecode.c.h; path = FoundsApiManager.h; sourceTree = "<group>"; };
		24224D941CE44DB800720DED /* FoundsApiManager.m */ = {isa = PBXFileReference; fileEncoding = 4; lastKnownFileType = sourcecode.c.objc; path = FoundsApiManager.m; sourceTree = "<group>"; };
		24224D961CE44DCC00720DED /* UserCenterApiManager.h */ = {isa = PBXFileReference; fileEncoding = 4; lastKnownFileType = sourcecode.c.h; path = UserCenterApiManager.h; sourceTree = "<group>"; };
		24224D971CE44DCC00720DED /* UserCenterApiManager.m */ = {isa = PBXFileReference; fileEncoding = 4; lastKnownFileType = sourcecode.c.objc; path = UserCenterApiManager.m; sourceTree = "<group>"; };
		24224D991CE44FF300720DED /* Utils.h */ = {isa = PBXFileReference; fileEncoding = 4; lastKnownFileType = sourcecode.c.h; path = Utils.h; sourceTree = "<group>"; };
		24224D9A1CE44FF300720DED /* Utils.m */ = {isa = PBXFileReference; fileEncoding = 4; lastKnownFileType = sourcecode.c.objc; path = Utils.m; sourceTree = "<group>"; };
		24889D921CEC35E600A4777B /* FoundsModel.h */ = {isa = PBXFileReference; fileEncoding = 4; lastKnownFileType = sourcecode.c.h; path = FoundsModel.h; sourceTree = "<group>"; };
		24889D931CEC35E600A4777B /* FoundsModel.m */ = {isa = PBXFileReference; fileEncoding = 4; lastKnownFileType = sourcecode.c.objc; path = FoundsModel.m; sourceTree = "<group>"; };
		24889D951CEC3A0500A4777B /* HomeModel.h */ = {isa = PBXFileReference; fileEncoding = 4; lastKnownFileType = sourcecode.c.h; path = HomeModel.h; sourceTree = "<group>"; };
		24889D961CEC3A0500A4777B /* HomeModel.m */ = {isa = PBXFileReference; fileEncoding = 4; lastKnownFileType = sourcecode.c.objc; path = HomeModel.m; sourceTree = "<group>"; };
		24889D991CEC846800A4777B /* FoundsDetailModel.h */ = {isa = PBXFileReference; fileEncoding = 4; lastKnownFileType = sourcecode.c.h; path = FoundsDetailModel.h; sourceTree = "<group>"; };
		24889D9A1CEC846800A4777B /* FoundsDetailModel.m */ = {isa = PBXFileReference; fileEncoding = 4; lastKnownFileType = sourcecode.c.objc; path = FoundsDetailModel.m; sourceTree = "<group>"; };
		24A732B31CCBD26A001F4199 /* Default-568h@2x.png */ = {isa = PBXFileReference; lastKnownFileType = image.png; path = "Default-568h@2x.png"; sourceTree = "<group>"; };
		24A732B41CCBD26A001F4199 /* Default.png */ = {isa = PBXFileReference; lastKnownFileType = image.png; path = Default.png; sourceTree = "<group>"; };
		3A67ABE99B7A76334128E7FA /* Pods.debug.xcconfig */ = {isa = PBXFileReference; includeInIndex = 1; lastKnownFileType = text.xcconfig; name = Pods.debug.xcconfig; path = "Pods/Target Support Files/Pods/Pods.debug.xcconfig"; sourceTree = "<group>"; };
		71403779568D52B4625CE6D4 /* Pods.release.xcconfig */ = {isa = PBXFileReference; includeInIndex = 1; lastKnownFileType = text.xcconfig; name = Pods.release.xcconfig; path = "Pods/Target Support Files/Pods/Pods.release.xcconfig"; sourceTree = "<group>"; };
		D7179336ADD00C16AF180385 /* libPods.a */ = {isa = PBXFileReference; explicitFileType = archive.ar; includeInIndex = 0; path = libPods.a; sourceTree = BUILT_PRODUCTS_DIR; };
/* End PBXFileReference section */

/* Begin PBXFrameworksBuildPhase section */
		2414FA021CC4E7AF003DA0B7 /* Frameworks */ = {
			isa = PBXFrameworksBuildPhase;
			buildActionMask = 2147483647;
			files = (
				9FBAB2B97E265BF55D7C04D6 /* libPods.a in Frameworks */,
			);
			runOnlyForDeploymentPostprocessing = 0;
		};
/* End PBXFrameworksBuildPhase section */

/* Begin PBXGroup section */
		2414F9FC1CC4E7AF003DA0B7 = {
			isa = PBXGroup;
			children = (
				2414FA071CC4E7AF003DA0B7 /* tiantiPlan */,
				2414FA061CC4E7AF003DA0B7 /* Products */,
				3EB7B06069F8CD882D508DF4 /* Pods */,
				F47418BD82AD23084AE926AC /* Frameworks */,
			);
			sourceTree = "<group>";
		};
		2414FA061CC4E7AF003DA0B7 /* Products */ = {
			isa = PBXGroup;
			children = (
				2414FA051CC4E7AF003DA0B7 /* tiantiPlan.app */,
			);
			name = Products;
			sourceTree = "<group>";
		};
		2414FA071CC4E7AF003DA0B7 /* tiantiPlan */ = {
			isa = PBXGroup;
			children = (
				2414FAA71CC527F8003DA0B7 /* Config */,
				2414FADB1CC5DED4003DA0B7 /* ThirdPart */,
				2414FAD41CC5D9C6003DA0B7 /* Views */,
				2414FA7B1CC527CB003DA0B7 /* Category */,
				2414FA6E1CC527A1003DA0B7 /* Model */,
				2414FA521CC52758003DA0B7 /* Utils */,
				2414FA1F1CC52727003DA0B7 /* Network */,
				2414FAB91CC5B26A003DA0B7 /* Controller */,
				2414FA0B1CC4E7AF003DA0B7 /* AppDelegate.h */,
				2414FA0C1CC4E7AF003DA0B7 /* AppDelegate.m */,
				2414FA0E1CC4E7AF003DA0B7 /* ViewController.h */,
				2414FA0F1CC4E7AF003DA0B7 /* ViewController.m */,
				2414FA141CC4E7AF003DA0B7 /* Assets.xcassets */,
				2414FA161CC4E7AF003DA0B7 /* LaunchScreen.storyboard */,
				2414FA191CC4E7AF003DA0B7 /* Info.plist */,
				2414FA081CC4E7AF003DA0B7 /* Supporting Files */,
			);
			path = tiantiPlan;
			sourceTree = "<group>";
		};
		2414FA081CC4E7AF003DA0B7 /* Supporting Files */ = {
			isa = PBXGroup;
			children = (
				24A732B31CCBD26A001F4199 /* Default-568h@2x.png */,
				24A732B41CCBD26A001F4199 /* Default.png */,
				2414FA091CC4E7AF003DA0B7 /* main.m */,
			);
			name = "Supporting Files";
			sourceTree = "<group>";
		};
		2414FA1F1CC52727003DA0B7 /* Network */ = {
			isa = PBXGroup;
			children = (
				2414FA201CC52727003DA0B7 /* ApiService */,
				2414FA2B1CC52727003DA0B7 /* DSNetworking */,
				2414FA3E1CC52727003DA0B7 /* ResponseModel */,
			);
			path = Network;
			sourceTree = "<group>";
		};
		2414FA201CC52727003DA0B7 /* ApiService */ = {
			isa = PBXGroup;
			children = (
				2414FA211CC52727003DA0B7 /* BaseApi.h */,
				2414FA221CC52727003DA0B7 /* BaseApi.m */,
				24224D931CE44DB800720DED /* FoundsApiManager.h */,
				24224D941CE44DB800720DED /* FoundsApiManager.m */,
				24224D961CE44DCC00720DED /* UserCenterApiManager.h */,
				24224D971CE44DCC00720DED /* UserCenterApiManager.m */,
			);
			path = ApiService;
			sourceTree = "<group>";
		};
		2414FA2B1CC52727003DA0B7 /* DSNetworking */ = {
			isa = PBXGroup;
			children = (
				2414FA2C1CC52727003DA0B7 /* AFCategory */,
				2414FA331CC52727003DA0B7 /* DSAFNetworkingConfig.h */,
				2414FA341CC52727003DA0B7 /* DSAPIProxy.h */,
				2414FA351CC52727003DA0B7 /* DSAPIProxy.m */,
				2414FA361CC52727003DA0B7 /* DSRequestCenter.h */,
				2414FA371CC52727003DA0B7 /* DSRequestCenter.m */,
				2414FA381CC52727003DA0B7 /* DSRequestGenerator.h */,
				2414FA391CC52727003DA0B7 /* DSRequestGenerator.m */,
				2414FA3A1CC52727003DA0B7 /* DSSignatureGenerator.h */,
				2414FA3B1CC52727003DA0B7 /* DSSignatureGenerator.m */,
				2414FA3C1CC52727003DA0B7 /* DSURLResponse.h */,
				2414FA3D1CC52727003DA0B7 /* DSURLResponse.m */,
			);
			path = DSNetworking;
			sourceTree = "<group>";
		};
		2414FA2C1CC52727003DA0B7 /* AFCategory */ = {
			isa = PBXGroup;
			children = (
				2414FA2D1CC52727003DA0B7 /* NSArray+TYAFNetworking.h */,
				2414FA2E1CC52727003DA0B7 /* NSArray+TYAFNetworking.m */,
				2414FA2F1CC52727003DA0B7 /* NSDictionary+TYAFNetworking.h */,
				2414FA301CC52727003DA0B7 /* NSDictionary+TYAFNetworking.m */,
				2414FA311CC52727003DA0B7 /* NSURLRequest+TYAFNetworking.h */,
				2414FA321CC52727003DA0B7 /* NSURLRequest+TYAFNetworking.m */,
			);
			path = AFCategory;
			sourceTree = "<group>";
		};
		2414FA3E1CC52727003DA0B7 /* ResponseModel */ = {
			isa = PBXGroup;
			children = (
				2414FA3F1CC52727003DA0B7 /* BaseResponseModel.h */,
				2414FA401CC52727003DA0B7 /* BaseResponseModel.m */,
			);
			path = ResponseModel;
			sourceTree = "<group>";
		};
		2414FA521CC52758003DA0B7 /* Utils */ = {
			isa = PBXGroup;
			children = (
				24224D991CE44FF300720DED /* Utils.h */,
				24224D9A1CE44FF300720DED /* Utils.m */,
				2414FA551CC52758003DA0B7 /* CaculateUtils.h */,
				2414FA561CC52758003DA0B7 /* CaculateUtils.m */,
				2414FA571CC52758003DA0B7 /* DeviceModel.h */,
				2414FA581CC52758003DA0B7 /* DeviceModel.m */,
				2414FA591CC52758003DA0B7 /* FilePathManager.h */,
				2414FA5A1CC52758003DA0B7 /* FilePathManager.m */,
				2414FA5B1CC52758003DA0B7 /* FunctionMethodsUtil.h */,
				2414FA5C1CC52758003DA0B7 /* FunctionMethodsUtil.m */,
				2414FA5D1CC52758003DA0B7 /* ImageUtils.h */,
				2414FA5E1CC52758003DA0B7 /* ImageUtils.m */,
				2414FA5F1CC52758003DA0B7 /* NetworkUtils.h */,
				2414FA601CC52758003DA0B7 /* NetworkUtils.m */,
				2414FA611CC52758003DA0B7 /* RegulationMatchUtil.h */,
				2414FA621CC52758003DA0B7 /* RegulationMatchUtil.m */,
				2414FA631CC52758003DA0B7 /* UserDefaultCashe.h */,
				2414FA641CC52758003DA0B7 /* UserDefaultCashe.m */,
			);
			path = Utils;
			sourceTree = "<group>";
		};
		2414FA6E1CC527A1003DA0B7 /* Model */ = {
			isa = PBXGroup;
			children = (
				2414FA6F1CC527A1003DA0B7 /* AgentInfoModel.h */,
				2414FA701CC527A1003DA0B7 /* AgentInfoModel.m */,
				2414FA711CC527A1003DA0B7 /* DSBaseModel.h */,
				2414FA721CC527A1003DA0B7 /* DSBaseModel.m */,
				2414FA731CC527A1003DA0B7 /* UserBaseInfoModel.h */,
				2414FA741CC527A1003DA0B7 /* UserBaseInfoModel.m */,
				2414FA751CC527A1003DA0B7 /* UserCacheBean.h */,
				2414FA761CC527A1003DA0B7 /* UserCacheBean.m */,
			);
			path = Model;
			sourceTree = "<group>";
		};
		2414FA7B1CC527CB003DA0B7 /* Category */ = {
			isa = PBXGroup;
			children = (
				2414FA7C1CC527CB003DA0B7 /* NSObject+AddKeyValueToObject.h */,
				2414FA7D1CC527CB003DA0B7 /* NSObject+AddKeyValueToObject.m */,
				2414FA7E1CC527CB003DA0B7 /* NSString+Hash.h */,
				2414FA7F1CC527CB003DA0B7 /* NSString+Hash.m */,
				2414FA801CC527CB003DA0B7 /* NSString+MD5Addition.h */,
				2414FA811CC527CB003DA0B7 /* NSString+MD5Addition.m */,
				2414FA821CC527CB003DA0B7 /* NSString+RTStyle.h */,
				2414FA831CC527CB003DA0B7 /* NSString+RTStyle.m */,
				2414FA841CC527CB003DA0B7 /* UDIDWrapper.h */,
				2414FA851CC527CB003DA0B7 /* UDIDWrapper.m */,
				2414FA861CC527CB003DA0B7 /* UIDevice+IdentifierAddition.h */,
				2414FA871CC527CB003DA0B7 /* UIDevice+IdentifierAddition.m */,
				2414FA881CC527CB003DA0B7 /* UIImage */,
				2414FA911CC527CB003DA0B7 /* UILabel+HightLight.h */,
				2414FA921CC527CB003DA0B7 /* UILabel+HightLight.m */,
				2414FA931CC527CB003DA0B7 /* UIScrollView+UnderLine.h */,
				2414FA941CC527CB003DA0B7 /* UIScrollView+UnderLine.m */,
				2414FA951CC527CB003DA0B7 /* UIView+CTExtensions.h */,
				2414FA961CC527CB003DA0B7 /* UIView+CTExtensions.m */,
				2414FA971CC527CB003DA0B7 /* UIViewController+Loading.h */,
				2414FA981CC527CB003DA0B7 /* UIViewController+Loading.m */,
			);
			path = Category;
			sourceTree = "<group>";
		};
		2414FA881CC527CB003DA0B7 /* UIImage */ = {
			isa = PBXGroup;
			children = (
				2414FA891CC527CB003DA0B7 /* UIImage+Alpha.h */,
				2414FA8A1CC527CB003DA0B7 /* UIImage+Alpha.m */,
				2414FA8B1CC527CB003DA0B7 /* UIImage+Resize.h */,
				2414FA8C1CC527CB003DA0B7 /* UIImage+Resize.m */,
				2414FA8D1CC527CB003DA0B7 /* UIImage+RoundedCorner.h */,
				2414FA8E1CC527CB003DA0B7 /* UIImage+RoundedCorner.m */,
				2414FA8F1CC527CB003DA0B7 /* UIImage+RTStyle.h */,
				2414FA901CC527CB003DA0B7 /* UIImage+RTStyle.m */,
			);
			path = UIImage;
			sourceTree = "<group>";
		};
		2414FAA71CC527F8003DA0B7 /* Config */ = {
			isa = PBXGroup;
			children = (
				2414FAA81CC527F8003DA0B7 /* DSConfig.h */,
			);
			path = Config;
			sourceTree = "<group>";
		};
		2414FAB91CC5B26A003DA0B7 /* Controller */ = {
			isa = PBXGroup;
			children = (
				2414FB191CC9C349003DA0B7 /* FoundCar */,
				2414FAF31CC665B8003DA0B7 /* FoundsDetail */,
				2414FAC41CC5D896003DA0B7 /* History */,
				2414FAC11CC5D884003DA0B7 /* AllList */,
				2414FAC21CC5D884003DA0B7 /* Login */,
				2414FAC31CC5D884003DA0B7 /* UserCenter */,
				2414FAC01CC5D858003DA0B7 /* Home */,
				2414FABA1CC5D0BF003DA0B7 /* BYTabBarController.h */,
				2414FABB1CC5D0BF003DA0B7 /* BYTabBarController.m */,
				2414FABC1CC5D0BF003DA0B7 /* BaseViewController.h */,
				2414FABD1CC5D0BF003DA0B7 /* BaseViewController.m */,
			);
			path = Controller;
			sourceTree = "<group>";
		};
		2414FAC01CC5D858003DA0B7 /* Home */ = {
			isa = PBXGroup;
			children = (
				2414FADF1CC5E1D7003DA0B7 /* Model */,
				2414FAE01CC5E1D7003DA0B7 /* View */,
				2414FAC51CC5D8CA003DA0B7 /* HomeViewController.h */,
				2414FAC61CC5D8CA003DA0B7 /* HomeViewController.m */,
			);
			path = Home;
			sourceTree = "<group>";
		};
		2414FAC11CC5D884003DA0B7 /* AllList */ = {
			isa = PBXGroup;
			children = (
				2414FAD11CC5D93F003DA0B7 /* AllGoodsListViewController.h */,
				2414FAD21CC5D93F003DA0B7 /* AllGoodsListViewController.m */,
			);
			path = AllList;
			sourceTree = "<group>";
		};
		2414FAC21CC5D884003DA0B7 /* Login */ = {
			isa = PBXGroup;
			children = (
			);
			path = Login;
			sourceTree = "<group>";
		};
		2414FAC31CC5D884003DA0B7 /* UserCenter */ = {
			isa = PBXGroup;
			children = (
				2414FB211CC9EF22003DA0B7 /* View */,
				2414FAC81CC5D8E8003DA0B7 /* UserCenterViewController.h */,
				2414FAC91CC5D8E8003DA0B7 /* UserCenterViewController.m */,
				2414FB251CC9F158003DA0B7 /* SettingViewController.h */,
				2414FB261CC9F158003DA0B7 /* SettingViewController.m */,
				2414FB281CCA8BD8003DA0B7 /* UserInfoViewController.h */,
				2414FB291CCA8BD8003DA0B7 /* UserInfoViewController.m */,
				2414FB2B1CCA8CB4003DA0B7 /* TouristInputInfoViewController.h */,
				2414FB2C1CCA8CB4003DA0B7 /* TouristInputInfoViewController.m */,
				2414FB521CCB129A003DA0B7 /* MyFoundsHistoryListViewController.h */,
				2414FB531CCB129A003DA0B7 /* MyFoundsHistoryListViewController.m */,
				2414FB5B1CCB1636003DA0B7 /* MyOwnerHistoryViewController.h */,
				2414FB5C1CCB1636003DA0B7 /* MyOwnerHistoryViewController.m */,
				2414FB5E1CCB17B1003DA0B7 /* AddressManagerViewController.h */,
				2414FB5F1CCB17B1003DA0B7 /* AddressManagerViewController.m */,
				2414FB611CCB1EA4003DA0B7 /* MoneyHistoryViewController.h */,
				2414FB621CCB1EA4003DA0B7 /* MoneyHistoryViewController.m */,
			);
			path = UserCenter;
			sourceTree = "<group>";
		};
		2414FAC41CC5D896003DA0B7 /* History */ = {
			isa = PBXGroup;
			children = (
				2414FACE1CC5D91E003DA0B7 /* HistoryListViewController.h */,
				2414FACF1CC5D91E003DA0B7 /* HistoryListViewController.m */,
			);
			path = History;
			sourceTree = "<group>";
		};
		2414FAD41CC5D9C6003DA0B7 /* Views */ = {
			isa = PBXGroup;
			children = (
				2414FAD81CC5DBA4003DA0B7 /* BaseViewCell.h */,
				2414FAD91CC5DBA4003DA0B7 /* BaseViewCell.m */,
				2414FAD51CC5D9D5003DA0B7 /* BYTabBarItem.h */,
				2414FAD61CC5D9D5003DA0B7 /* BYTabBarItem.m */,
			);
			path = Views;
			sourceTree = "<group>";
		};
		2414FADB1CC5DED4003DA0B7 /* ThirdPart */ = {
			isa = PBXGroup;
			children = (
				2414FB2E1CCA8E5C003DA0B7 /* IMGLibrary */,
				2414FADC1CC5DEF6003DA0B7 /* JXBAdPageView.h */,
				2414FADD1CC5DEF6003DA0B7 /* JXBAdPageView.m */,
			);
			path = ThirdPart;
			sourceTree = "<group>";
		};
		2414FADF1CC5E1D7003DA0B7 /* Model */ = {
			isa = PBXGroup;
			children = (
				24889D921CEC35E600A4777B /* FoundsModel.h */,
				24889D931CEC35E600A4777B /* FoundsModel.m */,
				24889D951CEC3A0500A4777B /* HomeModel.h */,
				24889D961CEC3A0500A4777B /* HomeModel.m */,
			);
			path = Model;
			sourceTree = "<group>";
		};
		2414FAE01CC5E1D7003DA0B7 /* View */ = {
			isa = PBXGroup;
			children = (
				2414FAE11CC60945003DA0B7 /* HomeFirstViewCell.h */,
				2414FAE21CC60945003DA0B7 /* HomeFirstViewCell.m */,
				2414FAE41CC60958003DA0B7 /* HomeSecondViewCell.h */,
				2414FAE51CC60958003DA0B7 /* HomeSecondViewCell.m */,
				2414FAE71CC60968003DA0B7 /* HomeThirdViewCell.h */,
				2414FAE81CC60968003DA0B7 /* HomeThirdViewCell.m */,
				2414FAEA1CC60BCE003DA0B7 /* FoundsCardCell.h */,
				2414FAEB1CC60BCE003DA0B7 /* FoundsCardCell.m */,
				2414FAED1CC628D6003DA0B7 /* FoundsProgressCardCell.h */,
				2414FAEE1CC628D6003DA0B7 /* FoundsProgressCardCell.m */,
				2414FAF01CC6316F003DA0B7 /* FoundsTypeCell.h */,
				2414FAF11CC6316F003DA0B7 /* FoundsTypeCell.m */,
			);
			path = View;
			sourceTree = "<group>";
		};
		2414FAF31CC665B8003DA0B7 /* FoundsDetail */ = {
			isa = PBXGroup;
			children = (
				24889D981CEC845200A4777B /* Model */,
				2414FAF71CC6663D003DA0B7 /* View */,
				2414FAF41CC665D0003DA0B7 /* FoundsDetailViewController.h */,
				2414FAF51CC665D0003DA0B7 /* FoundsDetailViewController.m */,
				2414FB161CC93251003DA0B7 /* FoundsResultViewController.h */,
				2414FB171CC93251003DA0B7 /* FoundsResultViewController.m */,
			);
			path = FoundsDetail;
			sourceTree = "<group>";
		};
		2414FAF71CC6663D003DA0B7 /* View */ = {
			isa = PBXGroup;
			children = (
				2414FAF81CC66658003DA0B7 /* FoundsDetailHeaderView.h */,
				2414FAF91CC66658003DA0B7 /* FoundsDetailHeaderView.m */,
				2414FAFB1CC678A3003DA0B7 /* FoundsDetailInfoViewCell.h */,
				2414FAFC1CC678A3003DA0B7 /* FoundsDetailInfoViewCell.m */,
				2414FB101CC8D9B9003DA0B7 /* CommonViewCell.h */,
				2414FB111CC8D9B9003DA0B7 /* CommonViewCell.m */,
				2414FB131CC8E102003DA0B7 /* HistoryOwnerInfoViewCell.h */,
				2414FB141CC8E102003DA0B7 /* HistoryOwnerInfoViewCell.m */,
			);
			path = View;
			sourceTree = "<group>";
		};
		2414FB191CC9C349003DA0B7 /* FoundCar */ = {
			isa = PBXGroup;
			children = (
				2414FB1D1CC9C3D1003DA0B7 /* View */,
				2414FB1A1CC9C359003DA0B7 /* FoundsCarListViewController.h */,
				2414FB1B1CC9C359003DA0B7 /* FoundsCarListViewController.m */,
			);
			path = FoundCar;
			sourceTree = "<group>";
		};
		2414FB1D1CC9C3D1003DA0B7 /* View */ = {
			isa = PBXGroup;
			children = (
				2414FB1E1CC9C3E9003DA0B7 /* FoundsCarViewCell.h */,
				2414FB1F1CC9C3E9003DA0B7 /* FoundsCarViewCell.m */,
			);
			path = View;
			sourceTree = "<group>";
		};
		2414FB211CC9EF22003DA0B7 /* View */ = {
			isa = PBXGroup;
			children = (
				2414FB581CCB15F8003DA0B7 /* MyOwnerHistoryViewCell.h */,
				2414FB591CCB15F8003DA0B7 /* MyOwnerHistoryViewCell.m */,
				2414FB221CC9EF44003DA0B7 /* UserCenterHeaderView.h */,
				2414FB231CC9EF44003DA0B7 /* UserCenterHeaderView.m */,
				2414FB551CCB1314003DA0B7 /* MyFoundsHistoryViewCell.h */,
				2414FB561CCB1314003DA0B7 /* MyFoundsHistoryViewCell.m */,
				2414FB641CCB1F2C003DA0B7 /* MoneyHistoryViewCell.h */,
				2414FB651CCB1F2C003DA0B7 /* MoneyHistoryViewCell.m */,
			);
			path = View;
			sourceTree = "<group>";
		};
		2414FB2E1CCA8E5C003DA0B7 /* IMGLibrary */ = {
			isa = PBXGroup;
			children = (
				2414FB2F1CCA8E5C003DA0B7 /* BK_ELCAlbumPickerController.h */,
				2414FB301CCA8E5C003DA0B7 /* BK_ELCAlbumPickerController.m */,
				2414FB311CCA8E5C003DA0B7 /* BK_ELCAsset.h */,
				2414FB321CCA8E5C003DA0B7 /* BK_ELCAsset.m */,
				2414FB331CCA8E5C003DA0B7 /* BK_ELCAssetCell.h */,
				2414FB341CCA8E5C003DA0B7 /* BK_ELCAssetCell.m */,
				2414FB351CCA8E5C003DA0B7 /* BK_ELCAssetTablePicker.h */,
				2414FB361CCA8E5C003DA0B7 /* BK_ELCAssetTablePicker.m */,
				2414FB371CCA8E5C003DA0B7 /* BK_ELCImagePickerController.h */,
				2414FB381CCA8E5C003DA0B7 /* BK_ELCImagePickerController.m */,
				2414FB391CCA8E5C003DA0B7 /* ELCAssetPickerFilterDelegate.h */,
				2414FB3A1CCA8E5C003DA0B7 /* ELCAssetSelectionDelegate.h */,
				2414FB3B1CCA8E5C003DA0B7 /* IMGLibraryREADME */,
				2414FB3C1CCA8E5C003DA0B7 /* Overlay@2x.png */,
			);
			path = IMGLibrary;
			sourceTree = "<group>";
		};
		24889D981CEC845200A4777B /* Model */ = {
			isa = PBXGroup;
			children = (
				24889D991CEC846800A4777B /* FoundsDetailModel.h */,
				24889D9A1CEC846800A4777B /* FoundsDetailModel.m */,
			);
			path = Model;
			sourceTree = "<group>";
		};
		3EB7B06069F8CD882D508DF4 /* Pods */ = {
			isa = PBXGroup;
			children = (
				3A67ABE99B7A76334128E7FA /* Pods.debug.xcconfig */,
				71403779568D52B4625CE6D4 /* Pods.release.xcconfig */,
			);
			name = Pods;
			sourceTree = "<group>";
		};
		F47418BD82AD23084AE926AC /* Frameworks */ = {
			isa = PBXGroup;
			children = (
				D7179336ADD00C16AF180385 /* libPods.a */,
			);
			name = Frameworks;
			sourceTree = "<group>";
		};
/* End PBXGroup section */

/* Begin PBXNativeTarget section */
		2414FA041CC4E7AF003DA0B7 /* tiantiPlan */ = {
			isa = PBXNativeTarget;
			buildConfigurationList = 2414FA1C1CC4E7AF003DA0B7 /* Build configuration list for PBXNativeTarget "tiantiPlan" */;
			buildPhases = (
				03B362C2A34F603FEC678ED3 /* Check Pods Manifest.lock */,
				2414FA011CC4E7AF003DA0B7 /* Sources */,
				2414FA021CC4E7AF003DA0B7 /* Frameworks */,
				2414FA031CC4E7AF003DA0B7 /* Resources */,
				182777D22A1075853AB99ACC /* Embed Pods Frameworks */,
				FBBCA97FAC7D7AAF168C7C3D /* Copy Pods Resources */,
			);
			buildRules = (
			);
			dependencies = (
			);
			name = tiantiPlan;
			productName = tiantiPlan;
			productReference = 2414FA051CC4E7AF003DA0B7 /* tiantiPlan.app */;
			productType = "com.apple.product-type.application";
		};
/* End PBXNativeTarget section */

/* Begin PBXProject section */
		2414F9FD1CC4E7AF003DA0B7 /* Project object */ = {
			isa = PBXProject;
			attributes = {
				LastUpgradeCheck = 0730;
				ORGANIZATIONNAME = liujianzhong;
				TargetAttributes = {
					2414FA041CC4E7AF003DA0B7 = {
						CreatedOnToolsVersion = 7.3;
						DevelopmentTeam = 4DW89V8URU;
					};
				};
			};
			buildConfigurationList = 2414FA001CC4E7AF003DA0B7 /* Build configuration list for PBXProject "tiantiPlan" */;
			compatibilityVersion = "Xcode 3.2";
			developmentRegion = English;
			hasScannedForEncodings = 0;
			knownRegions = (
				en,
				Base,
			);
			mainGroup = 2414F9FC1CC4E7AF003DA0B7;
			productRefGroup = 2414FA061CC4E7AF003DA0B7 /* Products */;
			projectDirPath = "";
			projectRoot = "";
			targets = (
				2414FA041CC4E7AF003DA0B7 /* tiantiPlan */,
			);
		};
/* End PBXProject section */

/* Begin PBXResourcesBuildPhase section */
		2414FA031CC4E7AF003DA0B7 /* Resources */ = {
			isa = PBXResourcesBuildPhase;
			buildActionMask = 2147483647;
			files = (
				2414FA181CC4E7AF003DA0B7 /* LaunchScreen.storyboard in Resources */,
				24A732B61CCBD26A001F4199 /* Default.png in Resources */,
				2414FB431CCA8E5C003DA0B7 /* Overlay@2x.png in Resources */,
				2414FA151CC4E7AF003DA0B7 /* Assets.xcassets in Resources */,
				24A732B51CCBD26A001F4199 /* Default-568h@2x.png in Resources */,
				2414FB421CCA8E5C003DA0B7 /* IMGLibraryREADME in Resources */,
			);
			runOnlyForDeploymentPostprocessing = 0;
		};
/* End PBXResourcesBuildPhase section */

/* Begin PBXShellScriptBuildPhase section */
		03B362C2A34F603FEC678ED3 /* Check Pods Manifest.lock */ = {
			isa = PBXShellScriptBuildPhase;
			buildActionMask = 2147483647;
			files = (
			);
			inputPaths = (
			);
			name = "Check Pods Manifest.lock";
			outputPaths = (
			);
			runOnlyForDeploymentPostprocessing = 0;
			shellPath = /bin/sh;
			shellScript = "diff \"${PODS_ROOT}/../Podfile.lock\" \"${PODS_ROOT}/Manifest.lock\" > /dev/null\nif [[ $? != 0 ]] ; then\n    cat << EOM\nerror: The sandbox is not in sync with the Podfile.lock. Run 'pod install' or update your CocoaPods installation.\nEOM\n    exit 1\nfi\n";
			showEnvVarsInLog = 0;
		};
		182777D22A1075853AB99ACC /* Embed Pods Frameworks */ = {
			isa = PBXShellScriptBuildPhase;
			buildActionMask = 2147483647;
			files = (
			);
			inputPaths = (
			);
			name = "Embed Pods Frameworks";
			outputPaths = (
			);
			runOnlyForDeploymentPostprocessing = 0;
			shellPath = /bin/sh;
			shellScript = "\"${SRCROOT}/Pods/Target Support Files/Pods/Pods-frameworks.sh\"\n";
			showEnvVarsInLog = 0;
		};
		FBBCA97FAC7D7AAF168C7C3D /* Copy Pods Resources */ = {
			isa = PBXShellScriptBuildPhase;
			buildActionMask = 2147483647;
			files = (
			);
			inputPaths = (
			);
			name = "Copy Pods Resources";
			outputPaths = (
			);
			runOnlyForDeploymentPostprocessing = 0;
			shellPath = /bin/sh;
			shellScript = "\"${SRCROOT}/Pods/Target Support Files/Pods/Pods-resources.sh\"\n";
			showEnvVarsInLog = 0;
		};
/* End PBXShellScriptBuildPhase section */

/* Begin PBXSourcesBuildPhase section */
		2414FA011CC4E7AF003DA0B7 /* Sources */ = {
			isa = PBXSourcesBuildPhase;
			buildActionMask = 2147483647;
			files = (
				2414FA101CC4E7AF003DA0B7 /* ViewController.m in Sources */,
				2414FA7A1CC527A1003DA0B7 /* UserCacheBean.m in Sources */,
				2414FA781CC527A1003DA0B7 /* DSBaseModel.m in Sources */,
				2414FACA1CC5D8E8003DA0B7 /* UserCenterViewController.m in Sources */,
				2414FA4A1CC52727003DA0B7 /* NSURLRequest+TYAFNetworking.m in Sources */,
				2414FB2A1CCA8BD8003DA0B7 /* UserInfoViewController.m in Sources */,
				24224D981CE44DCC00720DED /* UserCenterApiManager.m in Sources */,
				2414FA9F1CC527CB003DA0B7 /* UIImage+Alpha.m in Sources */,
				2414FAC71CC5D8CA003DA0B7 /* HomeViewController.m in Sources */,
				2414FA671CC52758003DA0B7 /* DeviceModel.m in Sources */,
				2414FAF21CC6316F003DA0B7 /* FoundsTypeCell.m in Sources */,
				2414FA6A1CC52758003DA0B7 /* ImageUtils.m in Sources */,
				2414FA481CC52727003DA0B7 /* NSArray+TYAFNetworking.m in Sources */,
				2414FA4F1CC52727003DA0B7 /* DSURLResponse.m in Sources */,
				2414FA791CC527A1003DA0B7 /* UserBaseInfoModel.m in Sources */,
				2414FA431CC52727003DA0B7 /* BaseApi.m in Sources */,
				2414FAA61CC527CB003DA0B7 /* UIViewController+Loading.m in Sources */,
				2414FB2D1CCA8CB4003DA0B7 /* TouristInputInfoViewController.m in Sources */,
				2414FB271CC9F158003DA0B7 /* SettingViewController.m in Sources */,
				2414FA4C1CC52727003DA0B7 /* DSRequestCenter.m in Sources */,
				24224D951CE44DB800720DED /* FoundsApiManager.m in Sources */,
				2414FB181CC93251003DA0B7 /* FoundsResultViewController.m in Sources */,
				2414FA6C1CC52758003DA0B7 /* RegulationMatchUtil.m in Sources */,
				2414FAFD1CC678A3003DA0B7 /* FoundsDetailInfoViewCell.m in Sources */,
				2414FAFA1CC66658003DA0B7 /* FoundsDetailHeaderView.m in Sources */,
				2414FADA1CC5DBA4003DA0B7 /* BaseViewCell.m in Sources */,
				2414FA4B1CC52727003DA0B7 /* DSAPIProxy.m in Sources */,
				24224D9B1CE44FF300720DED /* Utils.m in Sources */,
				2414FA491CC52727003DA0B7 /* NSDictionary+TYAFNetworking.m in Sources */,
				2414FB661CCB1F2C003DA0B7 /* MoneyHistoryViewCell.m in Sources */,
				24889D941CEC35E600A4777B /* FoundsModel.m in Sources */,
				2414FAE31CC60945003DA0B7 /* HomeFirstViewCell.m in Sources */,
				2414FAEC1CC60BCE003DA0B7 /* FoundsCardCell.m in Sources */,
				2414FA4E1CC52727003DA0B7 /* DSSignatureGenerator.m in Sources */,
				2414FAE91CC60968003DA0B7 /* HomeThirdViewCell.m in Sources */,
				2414FB3F1CCA8E5C003DA0B7 /* BK_ELCAssetCell.m in Sources */,
				2414FA9D1CC527CB003DA0B7 /* UDIDWrapper.m in Sources */,
				2414FAD31CC5D93F003DA0B7 /* AllGoodsListViewController.m in Sources */,
				2414FA691CC52758003DA0B7 /* FunctionMethodsUtil.m in Sources */,
				2414FAA31CC527CB003DA0B7 /* UILabel+HightLight.m in Sources */,
				2414FA9E1CC527CB003DA0B7 /* UIDevice+IdentifierAddition.m in Sources */,
				2414FB121CC8D9B9003DA0B7 /* CommonViewCell.m in Sources */,
				2414FA9C1CC527CB003DA0B7 /* NSString+RTStyle.m in Sources */,
				2414FB631CCB1EA4003DA0B7 /* MoneyHistoryViewController.m in Sources */,
				2414FA9B1CC527CB003DA0B7 /* NSString+MD5Addition.m in Sources */,
				2414FADE1CC5DEF6003DA0B7 /* JXBAdPageView.m in Sources */,
				2414FA0D1CC4E7AF003DA0B7 /* AppDelegate.m in Sources */,
				2414FB601CCB17B1003DA0B7 /* AddressManagerViewController.m in Sources */,
				2414FB3E1CCA8E5C003DA0B7 /* BK_ELCAsset.m in Sources */,
				2414FB151CC8E102003DA0B7 /* HistoryOwnerInfoViewCell.m in Sources */,
				2414FA4D1CC52727003DA0B7 /* DSRequestGenerator.m in Sources */,
				2414FAE61CC60958003DA0B7 /* HomeSecondViewCell.m in Sources */,
				2414FA6D1CC52758003DA0B7 /* UserDefaultCashe.m in Sources */,
				2414FABE1CC5D0BF003DA0B7 /* BYTabBarController.m in Sources */,
				2414FA501CC52727003DA0B7 /* BaseResponseModel.m in Sources */,
				2414FB5D1CCB1636003DA0B7 /* MyOwnerHistoryViewController.m in Sources */,
				2414FAEF1CC628D6003DA0B7 /* FoundsProgressCardCell.m in Sources */,
				2414FAA21CC527CB003DA0B7 /* UIImage+RTStyle.m in Sources */,
				2414FAA51CC527CB003DA0B7 /* UIView+CTExtensions.m in Sources */,
				2414FA9A1CC527CB003DA0B7 /* NSString+Hash.m in Sources */,
				2414FA661CC52758003DA0B7 /* CaculateUtils.m in Sources */,
				2414FAA11CC527CB003DA0B7 /* UIImage+RoundedCorner.m in Sources */,
				2414FA6B1CC52758003DA0B7 /* NetworkUtils.m in Sources */,
				2414FB401CCA8E5C003DA0B7 /* BK_ELCAssetTablePicker.m in Sources */,
				2414FB571CCB1314003DA0B7 /* MyFoundsHistoryViewCell.m in Sources */,
				24889D9B1CEC846800A4777B /* FoundsDetailModel.m in Sources */,
				24889D971CEC3A0500A4777B /* HomeModel.m in Sources */,
				2414FB1C1CC9C359003DA0B7 /* FoundsCarListViewController.m in Sources */,
				2414FB241CC9EF44003DA0B7 /* UserCenterHeaderView.m in Sources */,
				2414FAF61CC665D0003DA0B7 /* FoundsDetailViewController.m in Sources */,
				2414FA681CC52758003DA0B7 /* FilePathManager.m in Sources */,
				2414FA991CC527CB003DA0B7 /* NSObject+AddKeyValueToObject.m in Sources */,
				2414FA0A1CC4E7AF003DA0B7 /* main.m in Sources */,
				2414FB5A1CCB15F8003DA0B7 /* MyOwnerHistoryViewCell.m in Sources */,
				2414FAA41CC527CB003DA0B7 /* UIScrollView+UnderLine.m in Sources */,
				2414FA771CC527A1003DA0B7 /* AgentInfoModel.m in Sources */,
				2414FB541CCB129A003DA0B7 /* MyFoundsHistoryListViewController.m in Sources */,
				2414FAA01CC527CB003DA0B7 /* UIImage+Resize.m in Sources */,
				2414FAD71CC5D9D5003DA0B7 /* BYTabBarItem.m in Sources */,
				2414FABF1CC5D0BF003DA0B7 /* BaseViewController.m in Sources */,
				2414FB201CC9C3E9003DA0B7 /* FoundsCarViewCell.m in Sources */,
				2414FB411CCA8E5C003DA0B7 /* BK_ELCImagePickerController.m in Sources */,
				2414FAD01CC5D91E003DA0B7 /* HistoryListViewController.m in Sources */,
				2414FB3D1CCA8E5C003DA0B7 /* BK_ELCAlbumPickerController.m in Sources */,
			);
			runOnlyForDeploymentPostprocessing = 0;
		};
/* End PBXSourcesBuildPhase section */

/* Begin PBXVariantGroup section */
		2414FA161CC4E7AF003DA0B7 /* LaunchScreen.storyboard */ = {
			isa = PBXVariantGroup;
			children = (
				2414FA171CC4E7AF003DA0B7 /* Base */,
			);
			name = LaunchScreen.storyboard;
			sourceTree = "<group>";
		};
/* End PBXVariantGroup section */

/* Begin XCBuildConfiguration section */
		2414FA1A1CC4E7AF003DA0B7 /* Debug */ = {
			isa = XCBuildConfiguration;
			buildSettings = {
				ALWAYS_SEARCH_USER_PATHS = NO;
				CLANG_ANALYZER_NONNULL = YES;
				CLANG_CXX_LANGUAGE_STANDARD = "gnu++0x";
				CLANG_CXX_LIBRARY = "libc++";
				CLANG_ENABLE_MODULES = YES;
				CLANG_ENABLE_OBJC_ARC = YES;
				CLANG_WARN_BOOL_CONVERSION = YES;
				CLANG_WARN_CONSTANT_CONVERSION = YES;
				CLANG_WARN_DIRECT_OBJC_ISA_USAGE = YES_ERROR;
				CLANG_WARN_EMPTY_BODY = YES;
				CLANG_WARN_ENUM_CONVERSION = YES;
				CLANG_WARN_INT_CONVERSION = YES;
				CLANG_WARN_OBJC_ROOT_CLASS = YES_ERROR;
				CLANG_WARN_UNREACHABLE_CODE = YES;
				CLANG_WARN__DUPLICATE_METHOD_MATCH = YES;
				"CODE_SIGN_IDENTITY[sdk=iphoneos*]" = "iPhone Developer";
				COPY_PHASE_STRIP = NO;
				DEBUG_INFORMATION_FORMAT = dwarf;
				ENABLE_STRICT_OBJC_MSGSEND = YES;
				ENABLE_TESTABILITY = YES;
				GCC_C_LANGUAGE_STANDARD = gnu99;
				GCC_DYNAMIC_NO_PIC = NO;
				GCC_NO_COMMON_BLOCKS = YES;
				GCC_OPTIMIZATION_LEVEL = 0;
				GCC_PREPROCESSOR_DEFINITIONS = (
					"DEBUG=1",
					"$(inherited)",
				);
				GCC_WARN_64_TO_32_BIT_CONVERSION = YES;
				GCC_WARN_ABOUT_RETURN_TYPE = YES_ERROR;
				GCC_WARN_UNDECLARED_SELECTOR = YES;
				GCC_WARN_UNINITIALIZED_AUTOS = YES_AGGRESSIVE;
				GCC_WARN_UNUSED_FUNCTION = YES;
				GCC_WARN_UNUSED_VARIABLE = YES;
				IPHONEOS_DEPLOYMENT_TARGET = 9.3;
				MTL_ENABLE_DEBUG_INFO = YES;
				ONLY_ACTIVE_ARCH = YES;
				SDKROOT = iphoneos;
			};
			name = Debug;
		};
		2414FA1B1CC4E7AF003DA0B7 /* Release */ = {
			isa = XCBuildConfiguration;
			buildSettings = {
				ALWAYS_SEARCH_USER_PATHS = NO;
				CLANG_ANALYZER_NONNULL = YES;
				CLANG_CXX_LANGUAGE_STANDARD = "gnu++0x";
				CLANG_CXX_LIBRARY = "libc++";
				CLANG_ENABLE_MODULES = YES;
				CLANG_ENABLE_OBJC_ARC = YES;
				CLANG_WARN_BOOL_CONVERSION = YES;
				CLANG_WARN_CONSTANT_CONVERSION = YES;
				CLANG_WARN_DIRECT_OBJC_ISA_USAGE = YES_ERROR;
				CLANG_WARN_EMPTY_BODY = YES;
				CLANG_WARN_ENUM_CONVERSION = YES;
				CLANG_WARN_INT_CONVERSION = YES;
				CLANG_WARN_OBJC_ROOT_CLASS = YES_ERROR;
				CLANG_WARN_UNREACHABLE_CODE = YES;
				CLANG_WARN__DUPLICATE_METHOD_MATCH = YES;
				"CODE_SIGN_IDENTITY[sdk=iphoneos*]" = "iPhone Developer";
				COPY_PHASE_STRIP = NO;
				DEBUG_INFORMATION_FORMAT = "dwarf-with-dsym";
				ENABLE_NS_ASSERTIONS = NO;
				ENABLE_STRICT_OBJC_MSGSEND = YES;
				GCC_C_LANGUAGE_STANDARD = gnu99;
				GCC_NO_COMMON_BLOCKS = YES;
				GCC_WARN_64_TO_32_BIT_CONVERSION = YES;
				GCC_WARN_ABOUT_RETURN_TYPE = YES_ERROR;
				GCC_WARN_UNDECLARED_SELECTOR = YES;
				GCC_WARN_UNINITIALIZED_AUTOS = YES_AGGRESSIVE;
				GCC_WARN_UNUSED_FUNCTION = YES;
				GCC_WARN_UNUSED_VARIABLE = YES;
				IPHONEOS_DEPLOYMENT_TARGET = 9.3;
				MTL_ENABLE_DEBUG_INFO = NO;
				SDKROOT = iphoneos;
				VALIDATE_PRODUCT = YES;
			};
			name = Release;
		};
		2414FA1D1CC4E7AF003DA0B7 /* Debug */ = {
			isa = XCBuildConfiguration;
			baseConfigurationReference = 3A67ABE99B7A76334128E7FA /* Pods.debug.xcconfig */;
			buildSettings = {
				ASSETCATALOG_COMPILER_APPICON_NAME = AppIcon;
				CODE_SIGN_IDENTITY = "iPhone Developer";
				"CODE_SIGN_IDENTITY[sdk=iphoneos*]" = "iPhone Developer";
				ENABLE_BITCODE = NO;
				FRAMEWORK_SEARCH_PATHS = (
					"$(inherited)",
					"$(PROJECT_DIR)/tiantiPlan",
					"$(PROJECT_DIR)/tiantiPlan/ThirdPart/AD",
				);
				INFOPLIST_FILE = tiantiPlan/Info.plist;
				IPHONEOS_DEPLOYMENT_TARGET = 7.0;
				LD_RUNPATH_SEARCH_PATHS = "$(inherited) @executable_path/Frameworks";
				LIBRARY_SEARCH_PATHS = (
					"$(inherited)",
					"$(PROJECT_DIR)/tiantiPlan/ThirdPart/AD",
				);
				PRODUCT_BUNDLE_IDENTIFIER = com.company.tianti;
				PRODUCT_NAME = "$(TARGET_NAME)";
				PROVISIONING_PROFILE = "";
			};
			name = Debug;
		};
		2414FA1E1CC4E7AF003DA0B7 /* Release */ = {
			isa = XCBuildConfiguration;
			baseConfigurationReference = 71403779568D52B4625CE6D4 /* Pods.release.xcconfig */;
			buildSettings = {
				ASSETCATALOG_COMPILER_APPICON_NAME = AppIcon;
				CODE_SIGN_IDENTITY = "iPhone Developer";
				"CODE_SIGN_IDENTITY[sdk=iphoneos*]" = "iPhone Developer";
				ENABLE_BITCODE = NO;
				FRAMEWORK_SEARCH_PATHS = (
					"$(inherited)",
					"$(PROJECT_DIR)/tiantiPlan",
					"$(PROJECT_DIR)/tiantiPlan/ThirdPart/AD",
				);
				INFOPLIST_FILE = tiantiPlan/Info.plist;
				IPHONEOS_DEPLOYMENT_TARGET = 7.0;
				LD_RUNPATH_SEARCH_PATHS = "$(inherited) @executable_path/Frameworks";
				LIBRARY_SEARCH_PATHS = (
					"$(inherited)",
					"$(PROJECT_DIR)/tiantiPlan/ThirdPart/AD",
				);
				PRODUCT_BUNDLE_IDENTIFIER = com.company.tianti;
				PRODUCT_NAME = "$(TARGET_NAME)";
				PROVISIONING_PROFILE = "";
			};
			name = Release;
		};
/* End XCBuildConfiguration section */

/* Begin XCConfigurationList section */
		2414FA001CC4E7AF003DA0B7 /* Build configuration list for PBXProject "tiantiPlan" */ = {
			isa = XCConfigurationList;
			buildConfigurations = (
				2414FA1A1CC4E7AF003DA0B7 /* Debug */,
				2414FA1B1CC4E7AF003DA0B7 /* Release */,
			);
			defaultConfigurationIsVisible = 0;
			defaultConfigurationName = Release;
		};
		2414FA1C1CC4E7AF003DA0B7 /* Build configuration list for PBXNativeTarget "tiantiPlan" */ = {
			isa = XCConfigurationList;
			buildConfigurations = (
				2414FA1D1CC4E7AF003DA0B7 /* Debug */,
				2414FA1E1CC4E7AF003DA0B7 /* Release */,
			);
			defaultConfigurationIsVisible = 0;
			defaultConfigurationName = Release;
		};
/* End XCConfigurationList section */
	};
	rootObject = 2414F9FD1CC4E7AF003DA0B7 /* Project object */;
}
